
Microsoft Visual Studio Solution File, Format Version 12.00
# Visual Studio 15
VisualStudioVersion = 15.0.26228.12
MinimumVisualStudioVersion = 10.0.40219.1
Project("{FAE04EC0-301F-11D3-BF4B-00C04F79EFBC}") = "VS2017MasterDetail", "VS2017MasterDetail\VS2017MasterDetail\VS2017MasterDetail.csproj", "{E2C7A89D-F6F8-4492-BCEA-7B9437F96BFD}"
EndProject
Project("{FAE04EC0-301F-11D3-BF4B-00C04F79EFBC}") = "VS2017MasterDetail.Android", "VS2017MasterDetail\VS2017MasterDetail.Android\VS2017MasterDetail.Android.csproj", "{7A0726A6-6C23-4651-BC67-0950E0D91F23}"
EndProject
Project("{FAE04EC0-301F-11D3-BF4B-00C04F79EFBC}") = "VS2017MasterDetail.iOS", "VS2017MasterDetail\VS2017MasterDetail.iOS\VS2017MasterDetail.iOS.csproj", "{DE3AA0AA-31B7-4658-B34F-3D641BFEF1F0}"
EndProject
Project("{FAE04EC0-301F-11D3-BF4B-00C04F79EFBC}") = "VS2017MasterDetail.UWP", "VS2017MasterDetail\VS2017MasterDetail.UWP\VS2017MasterDetail.UWP.csproj", "{0B0B0711-4BF8-4CE8-B36B-5B79F71F7A26}"
EndProject
Project("{2150E333-8FDC-42A3-9474-1A3956D46DE8}") = "Prism.Autofac.Forms", "Prism.Autofac.Forms", "{D69BB405-6B7D-4F9A-B712-827D3D80985C}"
EndProject
Project("{FAE04EC0-301F-11D3-BF4B-00C04F79EFBC}") = "Prism", "..\..\Prism\Source\Prism\Prism.csproj", "{E6C50355-D01E-4CAA-884D-D7929861315C}"
EndProject
Project("{FAE04EC0-301F-11D3-BF4B-00C04F79EFBC}") = "Prism.Forms", "..\..\Prism\Source\Xamarin\Prism.Forms\Prism.Forms.csproj", "{67F9D3A8-F71E-4428-913F-C37AE82CDB24}"
EndProject
Project("{FAE04EC0-301F-11D3-BF4B-00C04F79EFBC}") = "Prism.Autofac.Forms", "..\..\Prism\Source\Xamarin\Prism.Autofac.Forms\Prism.Autofac.Forms.csproj", "{943664CF-3A0C-4EFF-8BDA-29241D49DD85}"
EndProject
Global
	GlobalSection(SolutionConfigurationPlatforms) = preSolution
		Debug|Any CPU = Debug|Any CPU
		Debug|ARM = Debug|ARM
		Debug|iPhone = Debug|iPhone
		Debug|iPhoneSimulator = Debug|iPhoneSimulator
		Debug|x64 = Debug|x64
		Debug|x86 = Debug|x86
		Release|Any CPU = Release|Any CPU
		Release|ARM = Release|ARM
		Release|iPhone = Release|iPhone
		Release|iPhoneSimulator = Release|iPhoneSimulator
		Release|x64 = Release|x64
		Release|x86 = Release|x86
		Test|Any CPU = Test|Any CPU
		Test|ARM = Test|ARM
		Test|iPhone = Test|iPhone
		Test|iPhoneSimulator = Test|iPhoneSimulator
		Test|x64 = Test|x64
		Test|x86 = Test|x86
	EndGlobalSection
	GlobalSection(ProjectConfigurationPlatforms) = postSolution
		{E2C7A89D-F6F8-4492-BCEA-7B9437F96BFD}.Debug|Any CPU.ActiveCfg = Debug|Any CPU
		{E2C7A89D-F6F8-4492-BCEA-7B9437F96BFD}.Debug|Any CPU.Build.0 = Debug|Any CPU
		{E2C7A89D-F6F8-4492-BCEA-7B9437F96BFD}.Debug|ARM.ActiveCfg = Debug|Any CPU
		{E2C7A89D-F6F8-4492-BCEA-7B9437F96BFD}.Debug|ARM.Build.0 = Debug|Any CPU
		{E2C7A89D-F6F8-4492-BCEA-7B9437F96BFD}.Debug|iPhone.ActiveCfg = Debug|Any CPU
		{E2C7A89D-F6F8-4492-BCEA-7B9437F96BFD}.Debug|iPhone.Build.0 = Debug|Any CPU
		{E2C7A89D-F6F8-4492-BCEA-7B9437F96BFD}.Debug|iPhoneSimulator.ActiveCfg = Debug|Any CPU
		{E2C7A89D-F6F8-4492-BCEA-7B9437F96BFD}.Debug|iPhoneSimulator.Build.0 = Debug|Any CPU
		{E2C7A89D-F6F8-4492-BCEA-7B9437F96BFD}.Debug|x64.ActiveCfg = Debug|Any CPU
		{E2C7A89D-F6F8-4492-BCEA-7B9437F96BFD}.Debug|x64.Build.0 = Debug|Any CPU
		{E2C7A89D-F6F8-4492-BCEA-7B9437F96BFD}.Debug|x86.ActiveCfg = Debug|Any CPU
		{E2C7A89D-F6F8-4492-BCEA-7B9437F96BFD}.Debug|x86.Build.0 = Debug|Any CPU
		{E2C7A89D-F6F8-4492-BCEA-7B9437F96BFD}.Release|Any CPU.ActiveCfg = Release|Any CPU
		{E2C7A89D-F6F8-4492-BCEA-7B9437F96BFD}.Release|Any CPU.Build.0 = Release|Any CPU
		{E2C7A89D-F6F8-4492-BCEA-7B9437F96BFD}.Release|ARM.ActiveCfg = Release|Any CPU
		{E2C7A89D-F6F8-4492-BCEA-7B9437F96BFD}.Release|ARM.Build.0 = Release|Any CPU
		{E2C7A89D-F6F8-4492-BCEA-7B9437F96BFD}.Release|iPhone.ActiveCfg = Release|Any CPU
		{E2C7A89D-F6F8-4492-BCEA-7B9437F96BFD}.Release|iPhone.Build.0 = Release|Any CPU
		{E2C7A89D-F6F8-4492-BCEA-7B9437F96BFD}.Release|iPhoneSimulator.ActiveCfg = Release|Any CPU
		{E2C7A89D-F6F8-4492-BCEA-7B9437F96BFD}.Release|iPhoneSimulator.Build.0 = Release|Any CPU
		{E2C7A89D-F6F8-4492-BCEA-7B9437F96BFD}.Release|x64.ActiveCfg = Release|Any CPU
		{E2C7A89D-F6F8-4492-BCEA-7B9437F96BFD}.Release|x64.Build.0 = Release|Any CPU
		{E2C7A89D-F6F8-4492-BCEA-7B9437F96BFD}.Release|x86.ActiveCfg = Release|Any CPU
		{E2C7A89D-F6F8-4492-BCEA-7B9437F96BFD}.Release|x86.Build.0 = Release|Any CPU
		{E2C7A89D-F6F8-4492-BCEA-7B9437F96BFD}.Test|Any CPU.ActiveCfg = Release|Any CPU
		{E2C7A89D-F6F8-4492-BCEA-7B9437F96BFD}.Test|Any CPU.Build.0 = Release|Any CPU
		{E2C7A89D-F6F8-4492-BCEA-7B9437F96BFD}.Test|ARM.ActiveCfg = Release|Any CPU
		{E2C7A89D-F6F8-4492-BCEA-7B9437F96BFD}.Test|ARM.Build.0 = Release|Any CPU
		{E2C7A89D-F6F8-4492-BCEA-7B9437F96BFD}.Test|iPhone.ActiveCfg = Release|Any CPU
		{E2C7A89D-F6F8-4492-BCEA-7B9437F96BFD}.Test|iPhone.Build.0 = Release|Any CPU
		{E2C7A89D-F6F8-4492-BCEA-7B9437F96BFD}.Test|iPhoneSimulator.ActiveCfg = Release|Any CPU
		{E2C7A89D-F6F8-4492-BCEA-7B9437F96BFD}.Test|iPhoneSimulator.Build.0 = Release|Any CPU
		{E2C7A89D-F6F8-4492-BCEA-7B9437F96BFD}.Test|x64.ActiveCfg = Release|Any CPU
		{E2C7A89D-F6F8-4492-BCEA-7B9437F96BFD}.Test|x64.Build.0 = Release|Any CPU
		{E2C7A89D-F6F8-4492-BCEA-7B9437F96BFD}.Test|x86.ActiveCfg = Release|Any CPU
		{E2C7A89D-F6F8-4492-BCEA-7B9437F96BFD}.Test|x86.Build.0 = Release|Any CPU
		{7A0726A6-6C23-4651-BC67-0950E0D91F23}.Debug|Any CPU.ActiveCfg = Debug|Any CPU
		{7A0726A6-6C23-4651-BC67-0950E0D91F23}.Debug|Any CPU.Build.0 = Debug|Any CPU
		{7A0726A6-6C23-4651-BC67-0950E0D91F23}.Debug|Any CPU.Deploy.0 = Debug|Any CPU
		{7A0726A6-6C23-4651-BC67-0950E0D91F23}.Debug|ARM.ActiveCfg = Debug|Any CPU
		{7A0726A6-6C23-4651-BC67-0950E0D91F23}.Debug|ARM.Build.0 = Debug|Any CPU
		{7A0726A6-6C23-4651-BC67-0950E0D91F23}.Debug|ARM.Deploy.0 = Debug|Any CPU
		{7A0726A6-6C23-4651-BC67-0950E0D91F23}.Debug|iPhone.ActiveCfg = Debug|Any CPU
		{7A0726A6-6C23-4651-BC67-0950E0D91F23}.Debug|iPhone.Build.0 = Debug|Any CPU
		{7A0726A6-6C23-4651-BC67-0950E0D91F23}.Debug|iPhone.Deploy.0 = Debug|Any CPU
		{7A0726A6-6C23-4651-BC67-0950E0D91F23}.Debug|iPhoneSimulator.ActiveCfg = Debug|Any CPU
		{7A0726A6-6C23-4651-BC67-0950E0D91F23}.Debug|iPhoneSimulator.Build.0 = Debug|Any CPU
		{7A0726A6-6C23-4651-BC67-0950E0D91F23}.Debug|iPhoneSimulator.Deploy.0 = Debug|Any CPU
		{7A0726A6-6C23-4651-BC67-0950E0D91F23}.Debug|x64.ActiveCfg = Debug|Any CPU
		{7A0726A6-6C23-4651-BC67-0950E0D91F23}.Debug|x64.Build.0 = Debug|Any CPU
		{7A0726A6-6C23-4651-BC67-0950E0D91F23}.Debug|x64.Deploy.0 = Debug|Any CPU
		{7A0726A6-6C23-4651-BC67-0950E0D91F23}.Debug|x86.ActiveCfg = Debug|Any CPU
		{7A0726A6-6C23-4651-BC67-0950E0D91F23}.Debug|x86.Build.0 = Debug|Any CPU
		{7A0726A6-6C23-4651-BC67-0950E0D91F23}.Debug|x86.Deploy.0 = Debug|Any CPU
		{7A0726A6-6C23-4651-BC67-0950E0D91F23}.Release|Any CPU.ActiveCfg = Release|Any CPU
		{7A0726A6-6C23-4651-BC67-0950E0D91F23}.Release|Any CPU.Build.0 = Release|Any CPU
		{7A0726A6-6C23-4651-BC67-0950E0D91F23}.Release|Any CPU.Deploy.0 = Release|Any CPU
		{7A0726A6-6C23-4651-BC67-0950E0D91F23}.Release|ARM.ActiveCfg = Release|Any CPU
		{7A0726A6-6C23-4651-BC67-0950E0D91F23}.Release|ARM.Build.0 = Release|Any CPU
		{7A0726A6-6C23-4651-BC67-0950E0D91F23}.Release|ARM.Deploy.0 = Release|Any CPU
		{7A0726A6-6C23-4651-BC67-0950E0D91F23}.Release|iPhone.ActiveCfg = Release|Any CPU
		{7A0726A6-6C23-4651-BC67-0950E0D91F23}.Release|iPhone.Build.0 = Release|Any CPU
		{7A0726A6-6C23-4651-BC67-0950E0D91F23}.Release|iPhone.Deploy.0 = Release|Any CPU
		{7A0726A6-6C23-4651-BC67-0950E0D91F23}.Release|iPhoneSimulator.ActiveCfg = Release|Any CPU
		{7A0726A6-6C23-4651-BC67-0950E0D91F23}.Release|iPhoneSimulator.Build.0 = Release|Any CPU
		{7A0726A6-6C23-4651-BC67-0950E0D91F23}.Release|iPhoneSimulator.Deploy.0 = Release|Any CPU
		{7A0726A6-6C23-4651-BC67-0950E0D91F23}.Release|x64.ActiveCfg = Release|Any CPU
		{7A0726A6-6C23-4651-BC67-0950E0D91F23}.Release|x64.Build.0 = Release|Any CPU
		{7A0726A6-6C23-4651-BC67-0950E0D91F23}.Release|x64.Deploy.0 = Release|Any CPU
		{7A0726A6-6C23-4651-BC67-0950E0D91F23}.Release|x86.ActiveCfg = Release|Any CPU
		{7A0726A6-6C23-4651-BC67-0950E0D91F23}.Release|x86.Build.0 = Release|Any CPU
		{7A0726A6-6C23-4651-BC67-0950E0D91F23}.Release|x86.Deploy.0 = Release|Any CPU
		{7A0726A6-6C23-4651-BC67-0950E0D91F23}.Test|Any CPU.ActiveCfg = Release|Any CPU
		{7A0726A6-6C23-4651-BC67-0950E0D91F23}.Test|Any CPU.Build.0 = Release|Any CPU
		{7A0726A6-6C23-4651-BC67-0950E0D91F23}.Test|Any CPU.Deploy.0 = Release|Any CPU
		{7A0726A6-6C23-4651-BC67-0950E0D91F23}.Test|ARM.ActiveCfg = Release|Any CPU
		{7A0726A6-6C23-4651-BC67-0950E0D91F23}.Test|ARM.Build.0 = Release|Any CPU
		{7A0726A6-6C23-4651-BC67-0950E0D91F23}.Test|ARM.Deploy.0 = Release|Any CPU
		{7A0726A6-6C23-4651-BC67-0950E0D91F23}.Test|iPhone.ActiveCfg = Release|Any CPU
		{7A0726A6-6C23-4651-BC67-0950E0D91F23}.Test|iPhone.Build.0 = Release|Any CPU
		{7A0726A6-6C23-4651-BC67-0950E0D91F23}.Test|iPhone.Deploy.0 = Release|Any CPU
		{7A0726A6-6C23-4651-BC67-0950E0D91F23}.Test|iPhoneSimulator.ActiveCfg = Release|Any CPU
		{7A0726A6-6C23-4651-BC67-0950E0D91F23}.Test|iPhoneSimulator.Build.0 = Release|Any CPU
		{7A0726A6-6C23-4651-BC67-0950E0D91F23}.Test|iPhoneSimulator.Deploy.0 = Release|Any CPU
		{7A0726A6-6C23-4651-BC67-0950E0D91F23}.Test|x64.ActiveCfg = Release|Any CPU
		{7A0726A6-6C23-4651-BC67-0950E0D91F23}.Test|x64.Build.0 = Release|Any CPU
		{7A0726A6-6C23-4651-BC67-0950E0D91F23}.Test|x64.Deploy.0 = Release|Any CPU
		{7A0726A6-6C23-4651-BC67-0950E0D91F23}.Test|x86.ActiveCfg = Release|Any CPU
		{7A0726A6-6C23-4651-BC67-0950E0D91F23}.Test|x86.Build.0 = Release|Any CPU
		{7A0726A6-6C23-4651-BC67-0950E0D91F23}.Test|x86.Deploy.0 = Release|Any CPU
		{DE3AA0AA-31B7-4658-B34F-3D641BFEF1F0}.Debug|Any CPU.ActiveCfg = Debug|iPhone
		{DE3AA0AA-31B7-4658-B34F-3D641BFEF1F0}.Debug|ARM.ActiveCfg = Debug|iPhone
		{DE3AA0AA-31B7-4658-B34F-3D641BFEF1F0}.Debug|iPhone.ActiveCfg = Debug|iPhone
		{DE3AA0AA-31B7-4658-B34F-3D641BFEF1F0}.Debug|iPhone.Build.0 = Debug|iPhone
		{DE3AA0AA-31B7-4658-B34F-3D641BFEF1F0}.Debug|iPhoneSimulator.ActiveCfg = Debug|iPhoneSimulator
		{DE3AA0AA-31B7-4658-B34F-3D641BFEF1F0}.Debug|iPhoneSimulator.Build.0 = Debug|iPhoneSimulator
		{DE3AA0AA-31B7-4658-B34F-3D641BFEF1F0}.Debug|x64.ActiveCfg = Debug|iPhone
		{DE3AA0AA-31B7-4658-B34F-3D641BFEF1F0}.Debug|x86.ActiveCfg = Debug|iPhone
		{DE3AA0AA-31B7-4658-B34F-3D641BFEF1F0}.Release|Any CPU.ActiveCfg = Release|iPhone
		{DE3AA0AA-31B7-4658-B34F-3D641BFEF1F0}.Release|ARM.ActiveCfg = Release|iPhone
		{DE3AA0AA-31B7-4658-B34F-3D641BFEF1F0}.Release|iPhone.ActiveCfg = Release|iPhone
		{DE3AA0AA-31B7-4658-B34F-3D641BFEF1F0}.Release|iPhone.Build.0 = Release|iPhone
		{DE3AA0AA-31B7-4658-B34F-3D641BFEF1F0}.Release|iPhoneSimulator.ActiveCfg = Release|iPhoneSimulator
		{DE3AA0AA-31B7-4658-B34F-3D641BFEF1F0}.Release|iPhoneSimulator.Build.0 = Release|iPhoneSimulator
		{DE3AA0AA-31B7-4658-B34F-3D641BFEF1F0}.Release|x64.ActiveCfg = Release|iPhone
		{DE3AA0AA-31B7-4658-B34F-3D641BFEF1F0}.Release|x86.ActiveCfg = Release|iPhone
		{DE3AA0AA-31B7-4658-B34F-3D641BFEF1F0}.Test|Any CPU.ActiveCfg = Release|iPhoneSimulator
		{DE3AA0AA-31B7-4658-B34F-3D641BFEF1F0}.Test|Any CPU.Build.0 = Release|iPhoneSimulator
		{DE3AA0AA-31B7-4658-B34F-3D641BFEF1F0}.Test|ARM.ActiveCfg = Release|iPhoneSimulator
		{DE3AA0AA-31B7-4658-B34F-3D641BFEF1F0}.Test|ARM.Build.0 = Release|iPhoneSimulator
		{DE3AA0AA-31B7-4658-B34F-3D641BFEF1F0}.Test|iPhone.ActiveCfg = Release|iPhone
		{DE3AA0AA-31B7-4658-B34F-3D641BFEF1F0}.Test|iPhone.Build.0 = Release|iPhone
		{DE3AA0AA-31B7-4658-B34F-3D641BFEF1F0}.Test|iPhoneSimulator.ActiveCfg = Release|iPhoneSimulator
		{DE3AA0AA-31B7-4658-B34F-3D641BFEF1F0}.Test|iPhoneSimulator.Build.0 = Release|iPhoneSimulator
		{DE3AA0AA-31B7-4658-B34F-3D641BFEF1F0}.Test|x64.ActiveCfg = Release|iPhoneSimulator
		{DE3AA0AA-31B7-4658-B34F-3D641BFEF1F0}.Test|x64.Build.0 = Release|iPhoneSimulator
		{DE3AA0AA-31B7-4658-B34F-3D641BFEF1F0}.Test|x86.ActiveCfg = Release|iPhoneSimulator
		{DE3AA0AA-31B7-4658-B34F-3D641BFEF1F0}.Test|x86.Build.0 = Release|iPhoneSimulator
		{0B0B0711-4BF8-4CE8-B36B-5B79F71F7A26}.Debug|Any CPU.ActiveCfg = Debug|x86
		{0B0B0711-4BF8-4CE8-B36B-5B79F71F7A26}.Debug|Any CPU.Build.0 = Debug|x86
		{0B0B0711-4BF8-4CE8-B36B-5B79F71F7A26}.Debug|Any CPU.Deploy.0 = Debug|x86
		{0B0B0711-4BF8-4CE8-B36B-5B79F71F7A26}.Debug|ARM.ActiveCfg = Debug|ARM
		{0B0B0711-4BF8-4CE8-B36B-5B79F71F7A26}.Debug|ARM.Build.0 = Debug|ARM
		{0B0B0711-4BF8-4CE8-B36B-5B79F71F7A26}.Debug|ARM.Deploy.0 = Debug|ARM
		{0B0B0711-4BF8-4CE8-B36B-5B79F71F7A26}.Debug|iPhone.ActiveCfg = Debug|x86
		{0B0B0711-4BF8-4CE8-B36B-5B79F71F7A26}.Debug|iPhoneSimulator.ActiveCfg = Debug|x86
		{0B0B0711-4BF8-4CE8-B36B-5B79F71F7A26}.Debug|x64.ActiveCfg = Debug|x64
		{0B0B0711-4BF8-4CE8-B36B-5B79F71F7A26}.Debug|x64.Build.0 = Debug|x64
		{0B0B0711-4BF8-4CE8-B36B-5B79F71F7A26}.Debug|x64.Deploy.0 = Debug|x64
		{0B0B0711-4BF8-4CE8-B36B-5B79F71F7A26}.Debug|x86.ActiveCfg = Debug|x86
		{0B0B0711-4BF8-4CE8-B36B-5B79F71F7A26}.Debug|x86.Build.0 = Debug|x86
		{0B0B0711-4BF8-4CE8-B36B-5B79F71F7A26}.Debug|x86.Deploy.0 = Debug|x86
		{0B0B0711-4BF8-4CE8-B36B-5B79F71F7A26}.Release|Any CPU.ActiveCfg = Release|x86
		{0B0B0711-4BF8-4CE8-B36B-5B79F71F7A26}.Release|ARM.ActiveCfg = Release|ARM
		{0B0B0711-4BF8-4CE8-B36B-5B79F71F7A26}.Release|ARM.Build.0 = Release|ARM
		{0B0B0711-4BF8-4CE8-B36B-5B79F71F7A26}.Release|ARM.Deploy.0 = Release|ARM
		{0B0B0711-4BF8-4CE8-B36B-5B79F71F7A26}.Release|iPhone.ActiveCfg = Release|x86
		{0B0B0711-4BF8-4CE8-B36B-5B79F71F7A26}.Release|iPhoneSimulator.ActiveCfg = Release|x86
		{0B0B0711-4BF8-4CE8-B36B-5B79F71F7A26}.Release|x64.ActiveCfg = Release|x64
		{0B0B0711-4BF8-4CE8-B36B-5B79F71F7A26}.Release|x64.Build.0 = Release|x64
		{0B0B0711-4BF8-4CE8-B36B-5B79F71F7A26}.Release|x64.Deploy.0 = Release|x64
		{0B0B0711-4BF8-4CE8-B36B-5B79F71F7A26}.Release|x86.ActiveCfg = Release|x86
		{0B0B0711-4BF8-4CE8-B36B-5B79F71F7A26}.Release|x86.Build.0 = Release|x86
		{0B0B0711-4BF8-4CE8-B36B-5B79F71F7A26}.Release|x86.Deploy.0 = Release|x86
		{0B0B0711-4BF8-4CE8-B36B-5B79F71F7A26}.Test|Any CPU.ActiveCfg = Release|x64
		{0B0B0711-4BF8-4CE8-B36B-5B79F71F7A26}.Test|Any CPU.Build.0 = Release|x64
		{0B0B0711-4BF8-4CE8-B36B-5B79F71F7A26}.Test|Any CPU.Deploy.0 = Release|x64
		{0B0B0711-4BF8-4CE8-B36B-5B79F71F7A26}.Test|ARM.ActiveCfg = Release|ARM
		{0B0B0711-4BF8-4CE8-B36B-5B79F71F7A26}.Test|ARM.Build.0 = Release|ARM
		{0B0B0711-4BF8-4CE8-B36B-5B79F71F7A26}.Test|ARM.Deploy.0 = Release|ARM
		{0B0B0711-4BF8-4CE8-B36B-5B79F71F7A26}.Test|iPhone.ActiveCfg = Release|x64
		{0B0B0711-4BF8-4CE8-B36B-5B79F71F7A26}.Test|iPhone.Build.0 = Release|x64
		{0B0B0711-4BF8-4CE8-B36B-5B79F71F7A26}.Test|iPhone.Deploy.0 = Release|x64
		{0B0B0711-4BF8-4CE8-B36B-5B79F71F7A26}.Test|iPhoneSimulator.ActiveCfg = Release|x64
		{0B0B0711-4BF8-4CE8-B36B-5B79F71F7A26}.Test|iPhoneSimulator.Build.0 = Release|x64
		{0B0B0711-4BF8-4CE8-B36B-5B79F71F7A26}.Test|iPhoneSimulator.Deploy.0 = Release|x64
		{0B0B0711-4BF8-4CE8-B36B-5B79F71F7A26}.Test|x64.ActiveCfg = Release|x64
		{0B0B0711-4BF8-4CE8-B36B-5B79F71F7A26}.Test|x64.Build.0 = Release|x64
		{0B0B0711-4BF8-4CE8-B36B-5B79F71F7A26}.Test|x64.Deploy.0 = Release|x64
		{0B0B0711-4BF8-4CE8-B36B-5B79F71F7A26}.Test|x86.ActiveCfg = Release|x86
		{0B0B0711-4BF8-4CE8-B36B-5B79F71F7A26}.Test|x86.Build.0 = Release|x86
		{0B0B0711-4BF8-4CE8-B36B-5B79F71F7A26}.Test|x86.Deploy.0 = Release|x86
		{E6C50355-D01E-4CAA-884D-D7929861315C}.Debug|Any CPU.ActiveCfg = Debug|Any CPU
		{E6C50355-D01E-4CAA-884D-D7929861315C}.Debug|Any CPU.Build.0 = Debug|Any CPU
		{E6C50355-D01E-4CAA-884D-D7929861315C}.Debug|ARM.ActiveCfg = Debug|Any CPU
		{E6C50355-D01E-4CAA-884D-D7929861315C}.Debug|ARM.Build.0 = Debug|Any CPU
		{E6C50355-D01E-4CAA-884D-D7929861315C}.Debug|iPhone.ActiveCfg = Debug|Any CPU
		{E6C50355-D01E-4CAA-884D-D7929861315C}.Debug|iPhone.Build.0 = Debug|Any CPU
		{E6C50355-D01E-4CAA-884D-D7929861315C}.Debug|iPhoneSimulator.ActiveCfg = Debug|Any CPU
		{E6C50355-D01E-4CAA-884D-D7929861315C}.Debug|iPhoneSimulator.Build.0 = Debug|Any CPU
		{E6C50355-D01E-4CAA-884D-D7929861315C}.Debug|x64.ActiveCfg = Debug|Any CPU
		{E6C50355-D01E-4CAA-884D-D7929861315C}.Debug|x64.Build.0 = Debug|Any CPU
		{E6C50355-D01E-4CAA-884D-D7929861315C}.Debug|x86.ActiveCfg = Debug|Any CPU
		{E6C50355-D01E-4CAA-884D-D7929861315C}.Debug|x86.Build.0 = Debug|Any CPU
		{E6C50355-D01E-4CAA-884D-D7929861315C}.Release|Any CPU.ActiveCfg = Release|Any CPU
		{E6C50355-D01E-4CAA-884D-D7929861315C}.Release|Any CPU.Build.0 = Release|Any CPU
		{E6C50355-D01E-4CAA-884D-D7929861315C}.Release|ARM.ActiveCfg = Release|Any CPU
		{E6C50355-D01E-4CAA-884D-D7929861315C}.Release|ARM.Build.0 = Release|Any CPU
		{E6C50355-D01E-4CAA-884D-D7929861315C}.Release|iPhone.ActiveCfg = Release|Any CPU
		{E6C50355-D01E-4CAA-884D-D7929861315C}.Release|iPhone.Build.0 = Release|Any CPU
		{E6C50355-D01E-4CAA-884D-D7929861315C}.Release|iPhoneSimulator.ActiveCfg = Release|Any CPU
		{E6C50355-D01E-4CAA-884D-D7929861315C}.Release|iPhoneSimulator.Build.0 = Release|Any CPU
		{E6C50355-D01E-4CAA-884D-D7929861315C}.Release|x64.ActiveCfg = Release|Any CPU
		{E6C50355-D01E-4CAA-884D-D7929861315C}.Release|x64.Build.0 = Release|Any CPU
		{E6C50355-D01E-4CAA-884D-D7929861315C}.Release|x86.ActiveCfg = Release|Any CPU
		{E6C50355-D01E-4CAA-884D-D7929861315C}.Release|x86.Build.0 = Release|Any CPU
		{E6C50355-D01E-4CAA-884D-D7929861315C}.Test|Any CPU.ActiveCfg = Test|Any CPU
		{E6C50355-D01E-4CAA-884D-D7929861315C}.Test|Any CPU.Build.0 = Test|Any CPU
		{E6C50355-D01E-4CAA-884D-D7929861315C}.Test|ARM.ActiveCfg = Test|Any CPU
		{E6C50355-D01E-4CAA-884D-D7929861315C}.Test|ARM.Build.0 = Test|Any CPU
		{E6C50355-D01E-4CAA-884D-D7929861315C}.Test|iPhone.ActiveCfg = Test|Any CPU
		{E6C50355-D01E-4CAA-884D-D7929861315C}.Test|iPhone.Build.0 = Test|Any CPU
		{E6C50355-D01E-4CAA-884D-D7929861315C}.Test|iPhoneSimulator.ActiveCfg = Test|Any CPU
		{E6C50355-D01E-4CAA-884D-D7929861315C}.Test|iPhoneSimulator.Build.0 = Test|Any CPU
		{E6C50355-D01E-4CAA-884D-D7929861315C}.Test|x64.ActiveCfg = Test|Any CPU
		{E6C50355-D01E-4CAA-884D-D7929861315C}.Test|x64.Build.0 = Test|Any CPU
		{E6C50355-D01E-4CAA-884D-D7929861315C}.Test|x86.ActiveCfg = Test|Any CPU
		{E6C50355-D01E-4CAA-884D-D7929861315C}.Test|x86.Build.0 = Test|Any CPU
		{67F9D3A8-F71E-4428-913F-C37AE82CDB24}.Debug|Any CPU.ActiveCfg = Debug|Any CPU
		{67F9D3A8-F71E-4428-913F-C37AE82CDB24}.Debug|Any CPU.Build.0 = Debug|Any CPU
		{67F9D3A8-F71E-4428-913F-C37AE82CDB24}.Debug|ARM.ActiveCfg = Debug|Any CPU
		{67F9D3A8-F71E-4428-913F-C37AE82CDB24}.Debug|ARM.Build.0 = Debug|Any CPU
		{67F9D3A8-F71E-4428-913F-C37AE82CDB24}.Debug|iPhone.ActiveCfg = Debug|Any CPU
		{67F9D3A8-F71E-4428-913F-C37AE82CDB24}.Debug|iPhone.Build.0 = Debug|Any CPU
		{67F9D3A8-F71E-4428-913F-C37AE82CDB24}.Debug|iPhoneSimulator.ActiveCfg = Debug|Any CPU
		{67F9D3A8-F71E-4428-913F-C37AE82CDB24}.Debug|iPhoneSimulator.Build.0 = Debug|Any CPU
		{67F9D3A8-F71E-4428-913F-C37AE82CDB24}.Debug|x64.ActiveCfg = Debug|Any CPU
		{67F9D3A8-F71E-4428-913F-C37AE82CDB24}.Debug|x64.Build.0 = Debug|Any CPU
		{67F9D3A8-F71E-4428-913F-C37AE82CDB24}.Debug|x86.ActiveCfg = Debug|Any CPU
		{67F9D3A8-F71E-4428-913F-C37AE82CDB24}.Debug|x86.Build.0 = Debug|Any CPU
		{67F9D3A8-F71E-4428-913F-C37AE82CDB24}.Release|Any CPU.ActiveCfg = Release|Any CPU
		{67F9D3A8-F71E-4428-913F-C37AE82CDB24}.Release|Any CPU.Build.0 = Release|Any CPU
		{67F9D3A8-F71E-4428-913F-C37AE82CDB24}.Release|ARM.ActiveCfg = Release|Any CPU
		{67F9D3A8-F71E-4428-913F-C37AE82CDB24}.Release|ARM.Build.0 = Release|Any CPU
		{67F9D3A8-F71E-4428-913F-C37AE82CDB24}.Release|iPhone.ActiveCfg = Release|Any CPU
		{67F9D3A8-F71E-4428-913F-C37AE82CDB24}.Release|iPhone.Build.0 = Release|Any CPU
		{67F9D3A8-F71E-4428-913F-C37AE82CDB24}.Release|iPhoneSimulator.ActiveCfg = Release|Any CPU
		{67F9D3A8-F71E-4428-913F-C37AE82CDB24}.Release|iPhoneSimulator.Build.0 = Release|Any CPU
		{67F9D3A8-F71E-4428-913F-C37AE82CDB24}.Release|x64.ActiveCfg = Release|Any CPU
		{67F9D3A8-F71E-4428-913F-C37AE82CDB24}.Release|x64.Build.0 = Release|Any CPU
		{67F9D3A8-F71E-4428-913F-C37AE82CDB24}.Release|x86.ActiveCfg = Release|Any CPU
		{67F9D3A8-F71E-4428-913F-C37AE82CDB24}.Release|x86.Build.0 = Release|Any CPU
		{67F9D3A8-F71E-4428-913F-C37AE82CDB24}.Test|Any CPU.ActiveCfg = Test|Any CPU
		{67F9D3A8-F71E-4428-913F-C37AE82CDB24}.Test|Any CPU.Build.0 = Test|Any CPU
		{67F9D3A8-F71E-4428-913F-C37AE82CDB24}.Test|ARM.ActiveCfg = Test|Any CPU
		{67F9D3A8-F71E-4428-913F-C37AE82CDB24}.Test|ARM.Build.0 = Test|Any CPU
		{67F9D3A8-F71E-4428-913F-C37AE82CDB24}.Test|iPhone.ActiveCfg = Test|Any CPU
		{67F9D3A8-F71E-4428-913F-C37AE82CDB24}.Test|iPhone.Build.0 = Test|Any CPU
		{67F9D3A8-F71E-4428-913F-C37AE82CDB24}.Test|iPhoneSimulator.ActiveCfg = Test|Any CPU
		{67F9D3A8-F71E-4428-913F-C37AE82CDB24}.Test|iPhoneSimulator.Build.0 = Test|Any CPU
		{67F9D3A8-F71E-4428-913F-C37AE82CDB24}.Test|x64.ActiveCfg = Test|Any CPU
		{67F9D3A8-F71E-4428-913F-C37AE82CDB24}.Test|x64.Build.0 = Test|Any CPU
		{67F9D3A8-F71E-4428-913F-C37AE82CDB24}.Test|x86.ActiveCfg = Test|Any CPU
		{67F9D3A8-F71E-4428-913F-C37AE82CDB24}.Test|x86.Build.0 = Test|Any CPU
		{943664CF-3A0C-4EFF-8BDA-29241D49DD85}.Debug|Any CPU.ActiveCfg = Debug|Any CPU
		{943664CF-3A0C-4EFF-8BDA-29241D49DD85}.Debug|Any CPU.Build.0 = Debug|Any CPU
		{943664CF-3A0C-4EFF-8BDA-29241D49DD85}.Debug|ARM.ActiveCfg = Debug|Any CPU
		{943664CF-3A0C-4EFF-8BDA-29241D49DD85}.Debug|ARM.Build.0 = Debug|Any CPU
		{943664CF-3A0C-4EFF-8BDA-29241D49DD85}.Debug|iPhone.ActiveCfg = Debug|Any CPU
		{943664CF-3A0C-4EFF-8BDA-29241D49DD85}.Debug|iPhone.Build.0 = Debug|Any CPU
		{943664CF-3A0C-4EFF-8BDA-29241D49DD85}.Debug|iPhoneSimulator.ActiveCfg = Debug|Any CPU
		{943664CF-3A0C-4EFF-8BDA-29241D49DD85}.Debug|iPhoneSimulator.Build.0 = Debug|Any CPU
		{943664CF-3A0C-4EFF-8BDA-29241D49DD85}.Debug|x64.ActiveCfg = Debug|Any CPU
		{943664CF-3A0C-4EFF-8BDA-29241D49DD85}.Debug|x64.Build.0 = Debug|Any CPU
		{943664CF-3A0C-4EFF-8BDA-29241D49DD85}.Debug|x86.ActiveCfg = Debug|Any CPU
		{943664CF-3A0C-4EFF-8BDA-29241D49DD85}.Debug|x86.Build.0 = Debug|Any CPU
		{943664CF-3A0C-4EFF-8BDA-29241D49DD85}.Release|Any CPU.ActiveCfg = Release|Any CPU
		{943664CF-3A0C-4EFF-8BDA-29241D49DD85}.Release|Any CPU.Build.0 = Release|Any CPU
		{943664CF-3A0C-4EFF-8BDA-29241D49DD85}.Release|ARM.ActiveCfg = Release|Any CPU
		{943664CF-3A0C-4EFF-8BDA-29241D49DD85}.Release|ARM.Build.0 = Release|Any CPU
		{943664CF-3A0C-4EFF-8BDA-29241D49DD85}.Release|iPhone.ActiveCfg = Release|Any CPU
		{943664CF-3A0C-4EFF-8BDA-29241D49DD85}.Release|iPhone.Build.0 = Release|Any CPU
		{943664CF-3A0C-4EFF-8BDA-29241D49DD85}.Release|iPhoneSimulator.ActiveCfg = Release|Any CPU
		{943664CF-3A0C-4EFF-8BDA-29241D49DD85}.Release|iPhoneSimulator.Build.0 = Release|Any CPU
		{943664CF-3A0C-4EFF-8BDA-29241D49DD85}.Release|x64.ActiveCfg = Release|Any CPU
		{943664CF-3A0C-4EFF-8BDA-29241D49DD85}.Release|x64.Build.0 = Release|Any CPU
		{943664CF-3A0C-4EFF-8BDA-29241D49DD85}.Release|x86.ActiveCfg = Release|Any CPU
		{943664CF-3A0C-4EFF-8BDA-29241D49DD85}.Release|x86.Build.0 = Release|Any CPU
		{943664CF-3A0C-4EFF-8BDA-29241D49DD85}.Test|Any CPU.ActiveCfg = Test|Any CPU
		{943664CF-3A0C-4EFF-8BDA-29241D49DD85}.Test|Any CPU.Build.0 = Test|Any CPU
		{943664CF-3A0C-4EFF-8BDA-29241D49DD85}.Test|ARM.ActiveCfg = Test|Any CPU
		{943664CF-3A0C-4EFF-8BDA-29241D49DD85}.Test|ARM.Build.0 = Test|Any CPU
		{943664CF-3A0C-4EFF-8BDA-29241D49DD85}.Test|iPhone.ActiveCfg = Test|Any CPU
		{943664CF-3A0C-4EFF-8BDA-29241D49DD85}.Test|iPhone.Build.0 = Test|Any CPU
		{943664CF-3A0C-4EFF-8BDA-29241D49DD85}.Test|iPhoneSimulator.ActiveCfg = Test|Any CPU
		{943664CF-3A0C-4EFF-8BDA-29241D49DD85}.Test|iPhoneSimulator.Build.0 = Test|Any CPU
		{943664CF-3A0C-4EFF-8BDA-29241D49DD85}.Test|x64.ActiveCfg = Test|Any CPU
		{943664CF-3A0C-4EFF-8BDA-29241D49DD85}.Test|x64.Build.0 = Test|Any CPU
		{943664CF-3A0C-4EFF-8BDA-29241D49DD85}.Test|x86.ActiveCfg = Test|Any CPU
		{943664CF-3A0C-4EFF-8BDA-29241D49DD85}.Test|x86.Build.0 = Test|Any CPU
	EndGlobalSection
	GlobalSection(SolutionProperties) = preSolution
		HideSolutionNode = FALSE
	EndGlobalSection
	GlobalSection(NestedProjects) = preSolution
		{E6C50355-D01E-4CAA-884D-D7929861315C} = {D69BB405-6B7D-4F9A-B712-827D3D80985C}
		{67F9D3A8-F71E-4428-913F-C37AE82CDB24} = {D69BB405-6B7D-4F9A-B712-827D3D80985C}
		{943664CF-3A0C-4EFF-8BDA-29241D49DD85} = {D69BB405-6B7D-4F9A-B712-827D3D80985C}
	EndGlobalSection
EndGlobal
