
Microsoft Visual Studio Solution File, Format Version 12.00
# Visual Studio 15
VisualStudioVersion = 15.0.26228.12
MinimumVisualStudioVersion = 10.0.40219.1
Project("{FAE04EC0-301F-11D3-BF4B-00C04F79EFBC}") = "CompositeCommands", "UsingCompositeCommands\UsingCompositeCommands\CompositeCommands.csproj", "{1A10BFD2-241E-479C-BFFD-1B0950C7E960}"
EndProject
Project("{FAE04EC0-301F-11D3-BF4B-00C04F79EFBC}") = "CompositeCommands.Droid", "UsingCompositeCommands\UsingCompositeCommands.Droid\CompositeCommands.Droid.csproj", "{4F6F9E55-180E-4160-ADF4-E979099D3DFE}"
EndProject
Project("{FAE04EC0-301F-11D3-BF4B-00C04F79EFBC}") = "CompositeCommands.iOS", "UsingCompositeCommands\UsingCompositeCommands.iOS\CompositeCommands.iOS.csproj", "{C8BF5F15-4F7A-42CD-AB5F-782B0EAF39D0}"
EndProject
Project("{FAE04EC0-301F-11D3-BF4B-00C04F79EFBC}") = "CompositeCommands.UWP", "UsingCompositeCommands\UsingCompositeCommands.UWP\CompositeCommands.UWP.csproj", "{4F4ACEA6-41BE-434A-B721-44FD360B59FA}"
EndProject
Project("{2150E333-8FDC-42A3-9474-1A3956D46DE8}") = "Prism.Autofac.Forms", "Prism.Autofac.Forms", "{BACB258A-EBBE-4A9C-97B0-5E7EE89D702D}"
EndProject
Project("{FAE04EC0-301F-11D3-BF4B-00C04F79EFBC}") = "Prism", "..\..\Prism\Source\Prism\Prism.csproj", "{E6C50355-D01E-4CAA-884D-D7929861315C}"
EndProject
Project("{FAE04EC0-301F-11D3-BF4B-00C04F79EFBC}") = "Prism.Forms", "..\..\Prism\Source\Xamarin\Prism.Forms\Prism.Forms.csproj", "{67F9D3A8-F71E-4428-913F-C37AE82CDB24}"
EndProject
Project("{FAE04EC0-301F-11D3-BF4B-00C04F79EFBC}") = "Prism.Autofac.Forms", "..\..\Prism\Source\Xamarin\Prism.Autofac.Forms\Prism.Autofac.Forms.csproj", "{943664CF-3A0C-4EFF-8BDA-29241D49DD85}"
EndProject
Global
	GlobalSection(SolutionConfigurationPlatforms) = preSolution
		Ad-Hoc|Any CPU = Ad-Hoc|Any CPU
		Ad-Hoc|ARM = Ad-Hoc|ARM
		Ad-Hoc|iPhone = Ad-Hoc|iPhone
		Ad-Hoc|iPhoneSimulator = Ad-Hoc|iPhoneSimulator
		Ad-Hoc|x64 = Ad-Hoc|x64
		Ad-Hoc|x86 = Ad-Hoc|x86
		AppStore|Any CPU = AppStore|Any CPU
		AppStore|ARM = AppStore|ARM
		AppStore|iPhone = AppStore|iPhone
		AppStore|iPhoneSimulator = AppStore|iPhoneSimulator
		AppStore|x64 = AppStore|x64
		AppStore|x86 = AppStore|x86
		Debug|Any CPU = Debug|Any CPU
		Debug|ARM = Debug|ARM
		Debug|iPhone = Debug|iPhone
		Debug|iPhoneSimulator = Debug|iPhoneSimulator
		Debug|x64 = Debug|x64
		Debug|x86 = Debug|x86
		Release|Any CPU = Release|Any CPU
		Release|ARM = Release|ARM
		Release|iPhone = Release|iPhone
		Release|iPhoneSimulator = Release|iPhoneSimulator
		Release|x64 = Release|x64
		Release|x86 = Release|x86
		Test|Any CPU = Test|Any CPU
		Test|ARM = Test|ARM
		Test|iPhone = Test|iPhone
		Test|iPhoneSimulator = Test|iPhoneSimulator
		Test|x64 = Test|x64
		Test|x86 = Test|x86
	EndGlobalSection
	GlobalSection(ProjectConfigurationPlatforms) = postSolution
		{1A10BFD2-241E-479C-BFFD-1B0950C7E960}.Ad-Hoc|Any CPU.ActiveCfg = Release|Any CPU
		{1A10BFD2-241E-479C-BFFD-1B0950C7E960}.Ad-Hoc|Any CPU.Build.0 = Release|Any CPU
		{1A10BFD2-241E-479C-BFFD-1B0950C7E960}.Ad-Hoc|ARM.ActiveCfg = Release|Any CPU
		{1A10BFD2-241E-479C-BFFD-1B0950C7E960}.Ad-Hoc|ARM.Build.0 = Release|Any CPU
		{1A10BFD2-241E-479C-BFFD-1B0950C7E960}.Ad-Hoc|iPhone.ActiveCfg = Release|Any CPU
		{1A10BFD2-241E-479C-BFFD-1B0950C7E960}.Ad-Hoc|iPhone.Build.0 = Release|Any CPU
		{1A10BFD2-241E-479C-BFFD-1B0950C7E960}.Ad-Hoc|iPhoneSimulator.ActiveCfg = Release|Any CPU
		{1A10BFD2-241E-479C-BFFD-1B0950C7E960}.Ad-Hoc|iPhoneSimulator.Build.0 = Release|Any CPU
		{1A10BFD2-241E-479C-BFFD-1B0950C7E960}.Ad-Hoc|x64.ActiveCfg = Release|Any CPU
		{1A10BFD2-241E-479C-BFFD-1B0950C7E960}.Ad-Hoc|x64.Build.0 = Release|Any CPU
		{1A10BFD2-241E-479C-BFFD-1B0950C7E960}.Ad-Hoc|x86.ActiveCfg = Release|Any CPU
		{1A10BFD2-241E-479C-BFFD-1B0950C7E960}.Ad-Hoc|x86.Build.0 = Release|Any CPU
		{1A10BFD2-241E-479C-BFFD-1B0950C7E960}.AppStore|Any CPU.ActiveCfg = Release|Any CPU
		{1A10BFD2-241E-479C-BFFD-1B0950C7E960}.AppStore|Any CPU.Build.0 = Release|Any CPU
		{1A10BFD2-241E-479C-BFFD-1B0950C7E960}.AppStore|ARM.ActiveCfg = Release|Any CPU
		{1A10BFD2-241E-479C-BFFD-1B0950C7E960}.AppStore|ARM.Build.0 = Release|Any CPU
		{1A10BFD2-241E-479C-BFFD-1B0950C7E960}.AppStore|iPhone.ActiveCfg = Release|Any CPU
		{1A10BFD2-241E-479C-BFFD-1B0950C7E960}.AppStore|iPhone.Build.0 = Release|Any CPU
		{1A10BFD2-241E-479C-BFFD-1B0950C7E960}.AppStore|iPhoneSimulator.ActiveCfg = Release|Any CPU
		{1A10BFD2-241E-479C-BFFD-1B0950C7E960}.AppStore|iPhoneSimulator.Build.0 = Release|Any CPU
		{1A10BFD2-241E-479C-BFFD-1B0950C7E960}.AppStore|x64.ActiveCfg = Release|Any CPU
		{1A10BFD2-241E-479C-BFFD-1B0950C7E960}.AppStore|x64.Build.0 = Release|Any CPU
		{1A10BFD2-241E-479C-BFFD-1B0950C7E960}.AppStore|x86.ActiveCfg = Release|Any CPU
		{1A10BFD2-241E-479C-BFFD-1B0950C7E960}.AppStore|x86.Build.0 = Release|Any CPU
		{1A10BFD2-241E-479C-BFFD-1B0950C7E960}.Debug|Any CPU.ActiveCfg = Debug|Any CPU
		{1A10BFD2-241E-479C-BFFD-1B0950C7E960}.Debug|Any CPU.Build.0 = Debug|Any CPU
		{1A10BFD2-241E-479C-BFFD-1B0950C7E960}.Debug|ARM.ActiveCfg = Debug|Any CPU
		{1A10BFD2-241E-479C-BFFD-1B0950C7E960}.Debug|ARM.Build.0 = Debug|Any CPU
		{1A10BFD2-241E-479C-BFFD-1B0950C7E960}.Debug|iPhone.ActiveCfg = Debug|Any CPU
		{1A10BFD2-241E-479C-BFFD-1B0950C7E960}.Debug|iPhone.Build.0 = Debug|Any CPU
		{1A10BFD2-241E-479C-BFFD-1B0950C7E960}.Debug|iPhoneSimulator.ActiveCfg = Debug|Any CPU
		{1A10BFD2-241E-479C-BFFD-1B0950C7E960}.Debug|iPhoneSimulator.Build.0 = Debug|Any CPU
		{1A10BFD2-241E-479C-BFFD-1B0950C7E960}.Debug|x64.ActiveCfg = Debug|Any CPU
		{1A10BFD2-241E-479C-BFFD-1B0950C7E960}.Debug|x64.Build.0 = Debug|Any CPU
		{1A10BFD2-241E-479C-BFFD-1B0950C7E960}.Debug|x86.ActiveCfg = Debug|Any CPU
		{1A10BFD2-241E-479C-BFFD-1B0950C7E960}.Debug|x86.Build.0 = Debug|Any CPU
		{1A10BFD2-241E-479C-BFFD-1B0950C7E960}.Release|Any CPU.ActiveCfg = Release|Any CPU
		{1A10BFD2-241E-479C-BFFD-1B0950C7E960}.Release|Any CPU.Build.0 = Release|Any CPU
		{1A10BFD2-241E-479C-BFFD-1B0950C7E960}.Release|ARM.ActiveCfg = Release|Any CPU
		{1A10BFD2-241E-479C-BFFD-1B0950C7E960}.Release|ARM.Build.0 = Release|Any CPU
		{1A10BFD2-241E-479C-BFFD-1B0950C7E960}.Release|iPhone.ActiveCfg = Release|Any CPU
		{1A10BFD2-241E-479C-BFFD-1B0950C7E960}.Release|iPhone.Build.0 = Release|Any CPU
		{1A10BFD2-241E-479C-BFFD-1B0950C7E960}.Release|iPhoneSimulator.ActiveCfg = Release|Any CPU
		{1A10BFD2-241E-479C-BFFD-1B0950C7E960}.Release|iPhoneSimulator.Build.0 = Release|Any CPU
		{1A10BFD2-241E-479C-BFFD-1B0950C7E960}.Release|x64.ActiveCfg = Release|Any CPU
		{1A10BFD2-241E-479C-BFFD-1B0950C7E960}.Release|x64.Build.0 = Release|Any CPU
		{1A10BFD2-241E-479C-BFFD-1B0950C7E960}.Release|x86.ActiveCfg = Release|Any CPU
		{1A10BFD2-241E-479C-BFFD-1B0950C7E960}.Release|x86.Build.0 = Release|Any CPU
		{1A10BFD2-241E-479C-BFFD-1B0950C7E960}.Test|Any CPU.ActiveCfg = Debug|Any CPU
		{1A10BFD2-241E-479C-BFFD-1B0950C7E960}.Test|Any CPU.Build.0 = Debug|Any CPU
		{1A10BFD2-241E-479C-BFFD-1B0950C7E960}.Test|ARM.ActiveCfg = Debug|Any CPU
		{1A10BFD2-241E-479C-BFFD-1B0950C7E960}.Test|ARM.Build.0 = Debug|Any CPU
		{1A10BFD2-241E-479C-BFFD-1B0950C7E960}.Test|iPhone.ActiveCfg = Debug|Any CPU
		{1A10BFD2-241E-479C-BFFD-1B0950C7E960}.Test|iPhone.Build.0 = Debug|Any CPU
		{1A10BFD2-241E-479C-BFFD-1B0950C7E960}.Test|iPhoneSimulator.ActiveCfg = Debug|Any CPU
		{1A10BFD2-241E-479C-BFFD-1B0950C7E960}.Test|iPhoneSimulator.Build.0 = Debug|Any CPU
		{1A10BFD2-241E-479C-BFFD-1B0950C7E960}.Test|x64.ActiveCfg = Debug|Any CPU
		{1A10BFD2-241E-479C-BFFD-1B0950C7E960}.Test|x64.Build.0 = Debug|Any CPU
		{1A10BFD2-241E-479C-BFFD-1B0950C7E960}.Test|x86.ActiveCfg = Debug|Any CPU
		{1A10BFD2-241E-479C-BFFD-1B0950C7E960}.Test|x86.Build.0 = Debug|Any CPU
		{4F6F9E55-180E-4160-ADF4-E979099D3DFE}.Ad-Hoc|Any CPU.ActiveCfg = Release|Any CPU
		{4F6F9E55-180E-4160-ADF4-E979099D3DFE}.Ad-Hoc|Any CPU.Build.0 = Release|Any CPU
		{4F6F9E55-180E-4160-ADF4-E979099D3DFE}.Ad-Hoc|Any CPU.Deploy.0 = Release|Any CPU
		{4F6F9E55-180E-4160-ADF4-E979099D3DFE}.Ad-Hoc|ARM.ActiveCfg = Release|Any CPU
		{4F6F9E55-180E-4160-ADF4-E979099D3DFE}.Ad-Hoc|ARM.Build.0 = Release|Any CPU
		{4F6F9E55-180E-4160-ADF4-E979099D3DFE}.Ad-Hoc|ARM.Deploy.0 = Release|Any CPU
		{4F6F9E55-180E-4160-ADF4-E979099D3DFE}.Ad-Hoc|iPhone.ActiveCfg = Release|Any CPU
		{4F6F9E55-180E-4160-ADF4-E979099D3DFE}.Ad-Hoc|iPhone.Build.0 = Release|Any CPU
		{4F6F9E55-180E-4160-ADF4-E979099D3DFE}.Ad-Hoc|iPhone.Deploy.0 = Release|Any CPU
		{4F6F9E55-180E-4160-ADF4-E979099D3DFE}.Ad-Hoc|iPhoneSimulator.ActiveCfg = Release|Any CPU
		{4F6F9E55-180E-4160-ADF4-E979099D3DFE}.Ad-Hoc|iPhoneSimulator.Build.0 = Release|Any CPU
		{4F6F9E55-180E-4160-ADF4-E979099D3DFE}.Ad-Hoc|iPhoneSimulator.Deploy.0 = Release|Any CPU
		{4F6F9E55-180E-4160-ADF4-E979099D3DFE}.Ad-Hoc|x64.ActiveCfg = Release|Any CPU
		{4F6F9E55-180E-4160-ADF4-E979099D3DFE}.Ad-Hoc|x64.Build.0 = Release|Any CPU
		{4F6F9E55-180E-4160-ADF4-E979099D3DFE}.Ad-Hoc|x64.Deploy.0 = Release|Any CPU
		{4F6F9E55-180E-4160-ADF4-E979099D3DFE}.Ad-Hoc|x86.ActiveCfg = Release|Any CPU
		{4F6F9E55-180E-4160-ADF4-E979099D3DFE}.Ad-Hoc|x86.Build.0 = Release|Any CPU
		{4F6F9E55-180E-4160-ADF4-E979099D3DFE}.Ad-Hoc|x86.Deploy.0 = Release|Any CPU
		{4F6F9E55-180E-4160-ADF4-E979099D3DFE}.AppStore|Any CPU.ActiveCfg = Release|Any CPU
		{4F6F9E55-180E-4160-ADF4-E979099D3DFE}.AppStore|Any CPU.Build.0 = Release|Any CPU
		{4F6F9E55-180E-4160-ADF4-E979099D3DFE}.AppStore|Any CPU.Deploy.0 = Release|Any CPU
		{4F6F9E55-180E-4160-ADF4-E979099D3DFE}.AppStore|ARM.ActiveCfg = Release|Any CPU
		{4F6F9E55-180E-4160-ADF4-E979099D3DFE}.AppStore|ARM.Build.0 = Release|Any CPU
		{4F6F9E55-180E-4160-ADF4-E979099D3DFE}.AppStore|ARM.Deploy.0 = Release|Any CPU
		{4F6F9E55-180E-4160-ADF4-E979099D3DFE}.AppStore|iPhone.ActiveCfg = Release|Any CPU
		{4F6F9E55-180E-4160-ADF4-E979099D3DFE}.AppStore|iPhone.Build.0 = Release|Any CPU
		{4F6F9E55-180E-4160-ADF4-E979099D3DFE}.AppStore|iPhone.Deploy.0 = Release|Any CPU
		{4F6F9E55-180E-4160-ADF4-E979099D3DFE}.AppStore|iPhoneSimulator.ActiveCfg = Release|Any CPU
		{4F6F9E55-180E-4160-ADF4-E979099D3DFE}.AppStore|iPhoneSimulator.Build.0 = Release|Any CPU
		{4F6F9E55-180E-4160-ADF4-E979099D3DFE}.AppStore|iPhoneSimulator.Deploy.0 = Release|Any CPU
		{4F6F9E55-180E-4160-ADF4-E979099D3DFE}.AppStore|x64.ActiveCfg = Release|Any CPU
		{4F6F9E55-180E-4160-ADF4-E979099D3DFE}.AppStore|x64.Build.0 = Release|Any CPU
		{4F6F9E55-180E-4160-ADF4-E979099D3DFE}.AppStore|x64.Deploy.0 = Release|Any CPU
		{4F6F9E55-180E-4160-ADF4-E979099D3DFE}.AppStore|x86.ActiveCfg = Release|Any CPU
		{4F6F9E55-180E-4160-ADF4-E979099D3DFE}.AppStore|x86.Build.0 = Release|Any CPU
		{4F6F9E55-180E-4160-ADF4-E979099D3DFE}.AppStore|x86.Deploy.0 = Release|Any CPU
		{4F6F9E55-180E-4160-ADF4-E979099D3DFE}.Debug|Any CPU.ActiveCfg = Debug|Any CPU
		{4F6F9E55-180E-4160-ADF4-E979099D3DFE}.Debug|Any CPU.Build.0 = Debug|Any CPU
		{4F6F9E55-180E-4160-ADF4-E979099D3DFE}.Debug|Any CPU.Deploy.0 = Debug|Any CPU
		{4F6F9E55-180E-4160-ADF4-E979099D3DFE}.Debug|ARM.ActiveCfg = Debug|Any CPU
		{4F6F9E55-180E-4160-ADF4-E979099D3DFE}.Debug|ARM.Build.0 = Debug|Any CPU
		{4F6F9E55-180E-4160-ADF4-E979099D3DFE}.Debug|ARM.Deploy.0 = Debug|Any CPU
		{4F6F9E55-180E-4160-ADF4-E979099D3DFE}.Debug|iPhone.ActiveCfg = Debug|Any CPU
		{4F6F9E55-180E-4160-ADF4-E979099D3DFE}.Debug|iPhone.Build.0 = Debug|Any CPU
		{4F6F9E55-180E-4160-ADF4-E979099D3DFE}.Debug|iPhone.Deploy.0 = Debug|Any CPU
		{4F6F9E55-180E-4160-ADF4-E979099D3DFE}.Debug|iPhoneSimulator.ActiveCfg = Debug|Any CPU
		{4F6F9E55-180E-4160-ADF4-E979099D3DFE}.Debug|iPhoneSimulator.Build.0 = Debug|Any CPU
		{4F6F9E55-180E-4160-ADF4-E979099D3DFE}.Debug|iPhoneSimulator.Deploy.0 = Debug|Any CPU
		{4F6F9E55-180E-4160-ADF4-E979099D3DFE}.Debug|x64.ActiveCfg = Debug|Any CPU
		{4F6F9E55-180E-4160-ADF4-E979099D3DFE}.Debug|x64.Build.0 = Debug|Any CPU
		{4F6F9E55-180E-4160-ADF4-E979099D3DFE}.Debug|x64.Deploy.0 = Debug|Any CPU
		{4F6F9E55-180E-4160-ADF4-E979099D3DFE}.Debug|x86.ActiveCfg = Debug|Any CPU
		{4F6F9E55-180E-4160-ADF4-E979099D3DFE}.Debug|x86.Build.0 = Debug|Any CPU
		{4F6F9E55-180E-4160-ADF4-E979099D3DFE}.Debug|x86.Deploy.0 = Debug|Any CPU
		{4F6F9E55-180E-4160-ADF4-E979099D3DFE}.Release|Any CPU.ActiveCfg = Release|Any CPU
		{4F6F9E55-180E-4160-ADF4-E979099D3DFE}.Release|Any CPU.Build.0 = Release|Any CPU
		{4F6F9E55-180E-4160-ADF4-E979099D3DFE}.Release|Any CPU.Deploy.0 = Release|Any CPU
		{4F6F9E55-180E-4160-ADF4-E979099D3DFE}.Release|ARM.ActiveCfg = Release|Any CPU
		{4F6F9E55-180E-4160-ADF4-E979099D3DFE}.Release|ARM.Build.0 = Release|Any CPU
		{4F6F9E55-180E-4160-ADF4-E979099D3DFE}.Release|ARM.Deploy.0 = Release|Any CPU
		{4F6F9E55-180E-4160-ADF4-E979099D3DFE}.Release|iPhone.ActiveCfg = Release|Any CPU
		{4F6F9E55-180E-4160-ADF4-E979099D3DFE}.Release|iPhone.Build.0 = Release|Any CPU
		{4F6F9E55-180E-4160-ADF4-E979099D3DFE}.Release|iPhone.Deploy.0 = Release|Any CPU
		{4F6F9E55-180E-4160-ADF4-E979099D3DFE}.Release|iPhoneSimulator.ActiveCfg = Release|Any CPU
		{4F6F9E55-180E-4160-ADF4-E979099D3DFE}.Release|iPhoneSimulator.Build.0 = Release|Any CPU
		{4F6F9E55-180E-4160-ADF4-E979099D3DFE}.Release|iPhoneSimulator.Deploy.0 = Release|Any CPU
		{4F6F9E55-180E-4160-ADF4-E979099D3DFE}.Release|x64.ActiveCfg = Release|Any CPU
		{4F6F9E55-180E-4160-ADF4-E979099D3DFE}.Release|x64.Build.0 = Release|Any CPU
		{4F6F9E55-180E-4160-ADF4-E979099D3DFE}.Release|x64.Deploy.0 = Release|Any CPU
		{4F6F9E55-180E-4160-ADF4-E979099D3DFE}.Release|x86.ActiveCfg = Release|Any CPU
		{4F6F9E55-180E-4160-ADF4-E979099D3DFE}.Release|x86.Build.0 = Release|Any CPU
		{4F6F9E55-180E-4160-ADF4-E979099D3DFE}.Release|x86.Deploy.0 = Release|Any CPU
		{4F6F9E55-180E-4160-ADF4-E979099D3DFE}.Test|Any CPU.ActiveCfg = Debug|Any CPU
		{4F6F9E55-180E-4160-ADF4-E979099D3DFE}.Test|Any CPU.Build.0 = Debug|Any CPU
		{4F6F9E55-180E-4160-ADF4-E979099D3DFE}.Test|Any CPU.Deploy.0 = Debug|Any CPU
		{4F6F9E55-180E-4160-ADF4-E979099D3DFE}.Test|ARM.ActiveCfg = Debug|Any CPU
		{4F6F9E55-180E-4160-ADF4-E979099D3DFE}.Test|ARM.Build.0 = Debug|Any CPU
		{4F6F9E55-180E-4160-ADF4-E979099D3DFE}.Test|ARM.Deploy.0 = Debug|Any CPU
		{4F6F9E55-180E-4160-ADF4-E979099D3DFE}.Test|iPhone.ActiveCfg = Debug|Any CPU
		{4F6F9E55-180E-4160-ADF4-E979099D3DFE}.Test|iPhone.Build.0 = Debug|Any CPU
		{4F6F9E55-180E-4160-ADF4-E979099D3DFE}.Test|iPhone.Deploy.0 = Debug|Any CPU
		{4F6F9E55-180E-4160-ADF4-E979099D3DFE}.Test|iPhoneSimulator.ActiveCfg = Debug|Any CPU
		{4F6F9E55-180E-4160-ADF4-E979099D3DFE}.Test|iPhoneSimulator.Build.0 = Debug|Any CPU
		{4F6F9E55-180E-4160-ADF4-E979099D3DFE}.Test|iPhoneSimulator.Deploy.0 = Debug|Any CPU
		{4F6F9E55-180E-4160-ADF4-E979099D3DFE}.Test|x64.ActiveCfg = Debug|Any CPU
		{4F6F9E55-180E-4160-ADF4-E979099D3DFE}.Test|x64.Build.0 = Debug|Any CPU
		{4F6F9E55-180E-4160-ADF4-E979099D3DFE}.Test|x64.Deploy.0 = Debug|Any CPU
		{4F6F9E55-180E-4160-ADF4-E979099D3DFE}.Test|x86.ActiveCfg = Debug|Any CPU
		{4F6F9E55-180E-4160-ADF4-E979099D3DFE}.Test|x86.Build.0 = Debug|Any CPU
		{4F6F9E55-180E-4160-ADF4-E979099D3DFE}.Test|x86.Deploy.0 = Debug|Any CPU
		{C8BF5F15-4F7A-42CD-AB5F-782B0EAF39D0}.Ad-Hoc|Any CPU.ActiveCfg = Ad-Hoc|iPhone
		{C8BF5F15-4F7A-42CD-AB5F-782B0EAF39D0}.Ad-Hoc|ARM.ActiveCfg = Ad-Hoc|iPhone
		{C8BF5F15-4F7A-42CD-AB5F-782B0EAF39D0}.Ad-Hoc|iPhone.ActiveCfg = Ad-Hoc|iPhone
		{C8BF5F15-4F7A-42CD-AB5F-782B0EAF39D0}.Ad-Hoc|iPhone.Build.0 = Ad-Hoc|iPhone
		{C8BF5F15-4F7A-42CD-AB5F-782B0EAF39D0}.Ad-Hoc|iPhoneSimulator.ActiveCfg = Ad-Hoc|iPhoneSimulator
		{C8BF5F15-4F7A-42CD-AB5F-782B0EAF39D0}.Ad-Hoc|iPhoneSimulator.Build.0 = Ad-Hoc|iPhoneSimulator
		{C8BF5F15-4F7A-42CD-AB5F-782B0EAF39D0}.Ad-Hoc|x64.ActiveCfg = Ad-Hoc|iPhone
		{C8BF5F15-4F7A-42CD-AB5F-782B0EAF39D0}.Ad-Hoc|x86.ActiveCfg = Ad-Hoc|iPhone
		{C8BF5F15-4F7A-42CD-AB5F-782B0EAF39D0}.AppStore|Any CPU.ActiveCfg = AppStore|iPhone
		{C8BF5F15-4F7A-42CD-AB5F-782B0EAF39D0}.AppStore|ARM.ActiveCfg = AppStore|iPhone
		{C8BF5F15-4F7A-42CD-AB5F-782B0EAF39D0}.AppStore|iPhone.ActiveCfg = AppStore|iPhone
		{C8BF5F15-4F7A-42CD-AB5F-782B0EAF39D0}.AppStore|iPhone.Build.0 = AppStore|iPhone
		{C8BF5F15-4F7A-42CD-AB5F-782B0EAF39D0}.AppStore|iPhoneSimulator.ActiveCfg = AppStore|iPhoneSimulator
		{C8BF5F15-4F7A-42CD-AB5F-782B0EAF39D0}.AppStore|iPhoneSimulator.Build.0 = AppStore|iPhoneSimulator
		{C8BF5F15-4F7A-42CD-AB5F-782B0EAF39D0}.AppStore|x64.ActiveCfg = AppStore|iPhone
		{C8BF5F15-4F7A-42CD-AB5F-782B0EAF39D0}.AppStore|x86.ActiveCfg = AppStore|iPhone
		{C8BF5F15-4F7A-42CD-AB5F-782B0EAF39D0}.Debug|Any CPU.ActiveCfg = Debug|iPhone
		{C8BF5F15-4F7A-42CD-AB5F-782B0EAF39D0}.Debug|ARM.ActiveCfg = Debug|iPhone
		{C8BF5F15-4F7A-42CD-AB5F-782B0EAF39D0}.Debug|iPhone.ActiveCfg = Debug|iPhone
		{C8BF5F15-4F7A-42CD-AB5F-782B0EAF39D0}.Debug|iPhone.Build.0 = Debug|iPhone
		{C8BF5F15-4F7A-42CD-AB5F-782B0EAF39D0}.Debug|iPhoneSimulator.ActiveCfg = Debug|iPhoneSimulator
		{C8BF5F15-4F7A-42CD-AB5F-782B0EAF39D0}.Debug|iPhoneSimulator.Build.0 = Debug|iPhoneSimulator
		{C8BF5F15-4F7A-42CD-AB5F-782B0EAF39D0}.Debug|x64.ActiveCfg = Debug|iPhone
		{C8BF5F15-4F7A-42CD-AB5F-782B0EAF39D0}.Debug|x86.ActiveCfg = Debug|iPhone
		{C8BF5F15-4F7A-42CD-AB5F-782B0EAF39D0}.Release|Any CPU.ActiveCfg = Release|iPhone
		{C8BF5F15-4F7A-42CD-AB5F-782B0EAF39D0}.Release|ARM.ActiveCfg = Release|iPhone
		{C8BF5F15-4F7A-42CD-AB5F-782B0EAF39D0}.Release|iPhone.ActiveCfg = Release|iPhone
		{C8BF5F15-4F7A-42CD-AB5F-782B0EAF39D0}.Release|iPhone.Build.0 = Release|iPhone
		{C8BF5F15-4F7A-42CD-AB5F-782B0EAF39D0}.Release|iPhoneSimulator.ActiveCfg = Release|iPhoneSimulator
		{C8BF5F15-4F7A-42CD-AB5F-782B0EAF39D0}.Release|iPhoneSimulator.Build.0 = Release|iPhoneSimulator
		{C8BF5F15-4F7A-42CD-AB5F-782B0EAF39D0}.Release|x64.ActiveCfg = Release|iPhone
		{C8BF5F15-4F7A-42CD-AB5F-782B0EAF39D0}.Release|x86.ActiveCfg = Release|iPhone
		{C8BF5F15-4F7A-42CD-AB5F-782B0EAF39D0}.Test|Any CPU.ActiveCfg = Release|iPhoneSimulator
		{C8BF5F15-4F7A-42CD-AB5F-782B0EAF39D0}.Test|Any CPU.Build.0 = Release|iPhoneSimulator
		{C8BF5F15-4F7A-42CD-AB5F-782B0EAF39D0}.Test|ARM.ActiveCfg = Release|iPhoneSimulator
		{C8BF5F15-4F7A-42CD-AB5F-782B0EAF39D0}.Test|ARM.Build.0 = Release|iPhoneSimulator
		{C8BF5F15-4F7A-42CD-AB5F-782B0EAF39D0}.Test|iPhone.ActiveCfg = Release|iPhone
		{C8BF5F15-4F7A-42CD-AB5F-782B0EAF39D0}.Test|iPhone.Build.0 = Release|iPhone
		{C8BF5F15-4F7A-42CD-AB5F-782B0EAF39D0}.Test|iPhoneSimulator.ActiveCfg = Release|iPhoneSimulator
		{C8BF5F15-4F7A-42CD-AB5F-782B0EAF39D0}.Test|iPhoneSimulator.Build.0 = Release|iPhoneSimulator
		{C8BF5F15-4F7A-42CD-AB5F-782B0EAF39D0}.Test|x64.ActiveCfg = Release|iPhoneSimulator
		{C8BF5F15-4F7A-42CD-AB5F-782B0EAF39D0}.Test|x64.Build.0 = Release|iPhoneSimulator
		{C8BF5F15-4F7A-42CD-AB5F-782B0EAF39D0}.Test|x86.ActiveCfg = Release|iPhoneSimulator
		{C8BF5F15-4F7A-42CD-AB5F-782B0EAF39D0}.Test|x86.Build.0 = Release|iPhoneSimulator
		{4F4ACEA6-41BE-434A-B721-44FD360B59FA}.Ad-Hoc|Any CPU.ActiveCfg = Release|x86
		{4F4ACEA6-41BE-434A-B721-44FD360B59FA}.Ad-Hoc|Any CPU.Build.0 = Release|x86
		{4F4ACEA6-41BE-434A-B721-44FD360B59FA}.Ad-Hoc|Any CPU.Deploy.0 = Release|x86
		{4F4ACEA6-41BE-434A-B721-44FD360B59FA}.Ad-Hoc|ARM.ActiveCfg = Release|ARM
		{4F4ACEA6-41BE-434A-B721-44FD360B59FA}.Ad-Hoc|ARM.Build.0 = Release|ARM
		{4F4ACEA6-41BE-434A-B721-44FD360B59FA}.Ad-Hoc|ARM.Deploy.0 = Release|ARM
		{4F4ACEA6-41BE-434A-B721-44FD360B59FA}.Ad-Hoc|iPhone.ActiveCfg = Release|x86
		{4F4ACEA6-41BE-434A-B721-44FD360B59FA}.Ad-Hoc|iPhone.Build.0 = Release|x86
		{4F4ACEA6-41BE-434A-B721-44FD360B59FA}.Ad-Hoc|iPhone.Deploy.0 = Release|x86
		{4F4ACEA6-41BE-434A-B721-44FD360B59FA}.Ad-Hoc|iPhoneSimulator.ActiveCfg = Release|x86
		{4F4ACEA6-41BE-434A-B721-44FD360B59FA}.Ad-Hoc|iPhoneSimulator.Build.0 = Release|x86
		{4F4ACEA6-41BE-434A-B721-44FD360B59FA}.Ad-Hoc|iPhoneSimulator.Deploy.0 = Release|x86
		{4F4ACEA6-41BE-434A-B721-44FD360B59FA}.Ad-Hoc|x64.ActiveCfg = Release|x64
		{4F4ACEA6-41BE-434A-B721-44FD360B59FA}.Ad-Hoc|x64.Build.0 = Release|x64
		{4F4ACEA6-41BE-434A-B721-44FD360B59FA}.Ad-Hoc|x64.Deploy.0 = Release|x64
		{4F4ACEA6-41BE-434A-B721-44FD360B59FA}.Ad-Hoc|x86.ActiveCfg = Release|x86
		{4F4ACEA6-41BE-434A-B721-44FD360B59FA}.Ad-Hoc|x86.Build.0 = Release|x86
		{4F4ACEA6-41BE-434A-B721-44FD360B59FA}.Ad-Hoc|x86.Deploy.0 = Release|x86
		{4F4ACEA6-41BE-434A-B721-44FD360B59FA}.AppStore|Any CPU.ActiveCfg = Release|x86
		{4F4ACEA6-41BE-434A-B721-44FD360B59FA}.AppStore|Any CPU.Build.0 = Release|x86
		{4F4ACEA6-41BE-434A-B721-44FD360B59FA}.AppStore|Any CPU.Deploy.0 = Release|x86
		{4F4ACEA6-41BE-434A-B721-44FD360B59FA}.AppStore|ARM.ActiveCfg = Release|ARM
		{4F4ACEA6-41BE-434A-B721-44FD360B59FA}.AppStore|ARM.Build.0 = Release|ARM
		{4F4ACEA6-41BE-434A-B721-44FD360B59FA}.AppStore|ARM.Deploy.0 = Release|ARM
		{4F4ACEA6-41BE-434A-B721-44FD360B59FA}.AppStore|iPhone.ActiveCfg = Release|x86
		{4F4ACEA6-41BE-434A-B721-44FD360B59FA}.AppStore|iPhone.Build.0 = Release|x86
		{4F4ACEA6-41BE-434A-B721-44FD360B59FA}.AppStore|iPhone.Deploy.0 = Release|x86
		{4F4ACEA6-41BE-434A-B721-44FD360B59FA}.AppStore|iPhoneSimulator.ActiveCfg = Release|x86
		{4F4ACEA6-41BE-434A-B721-44FD360B59FA}.AppStore|iPhoneSimulator.Build.0 = Release|x86
		{4F4ACEA6-41BE-434A-B721-44FD360B59FA}.AppStore|iPhoneSimulator.Deploy.0 = Release|x86
		{4F4ACEA6-41BE-434A-B721-44FD360B59FA}.AppStore|x64.ActiveCfg = Release|x64
		{4F4ACEA6-41BE-434A-B721-44FD360B59FA}.AppStore|x64.Build.0 = Release|x64
		{4F4ACEA6-41BE-434A-B721-44FD360B59FA}.AppStore|x64.Deploy.0 = Release|x64
		{4F4ACEA6-41BE-434A-B721-44FD360B59FA}.AppStore|x86.ActiveCfg = Release|x86
		{4F4ACEA6-41BE-434A-B721-44FD360B59FA}.AppStore|x86.Build.0 = Release|x86
		{4F4ACEA6-41BE-434A-B721-44FD360B59FA}.AppStore|x86.Deploy.0 = Release|x86
		{4F4ACEA6-41BE-434A-B721-44FD360B59FA}.Debug|Any CPU.ActiveCfg = Debug|x86
		{4F4ACEA6-41BE-434A-B721-44FD360B59FA}.Debug|Any CPU.Build.0 = Debug|x86
		{4F4ACEA6-41BE-434A-B721-44FD360B59FA}.Debug|Any CPU.Deploy.0 = Debug|x86
		{4F4ACEA6-41BE-434A-B721-44FD360B59FA}.Debug|ARM.ActiveCfg = Debug|ARM
		{4F4ACEA6-41BE-434A-B721-44FD360B59FA}.Debug|ARM.Build.0 = Debug|ARM
		{4F4ACEA6-41BE-434A-B721-44FD360B59FA}.Debug|ARM.Deploy.0 = Debug|ARM
		{4F4ACEA6-41BE-434A-B721-44FD360B59FA}.Debug|iPhone.ActiveCfg = Debug|x86
		{4F4ACEA6-41BE-434A-B721-44FD360B59FA}.Debug|iPhoneSimulator.ActiveCfg = Debug|x86
		{4F4ACEA6-41BE-434A-B721-44FD360B59FA}.Debug|x64.ActiveCfg = Debug|x64
		{4F4ACEA6-41BE-434A-B721-44FD360B59FA}.Debug|x64.Build.0 = Debug|x64
		{4F4ACEA6-41BE-434A-B721-44FD360B59FA}.Debug|x64.Deploy.0 = Debug|x64
		{4F4ACEA6-41BE-434A-B721-44FD360B59FA}.Debug|x86.ActiveCfg = Debug|x86
		{4F4ACEA6-41BE-434A-B721-44FD360B59FA}.Debug|x86.Build.0 = Debug|x86
		{4F4ACEA6-41BE-434A-B721-44FD360B59FA}.Debug|x86.Deploy.0 = Debug|x86
		{4F4ACEA6-41BE-434A-B721-44FD360B59FA}.Release|Any CPU.ActiveCfg = Release|x86
		{4F4ACEA6-41BE-434A-B721-44FD360B59FA}.Release|ARM.ActiveCfg = Release|ARM
		{4F4ACEA6-41BE-434A-B721-44FD360B59FA}.Release|ARM.Build.0 = Release|ARM
		{4F4ACEA6-41BE-434A-B721-44FD360B59FA}.Release|ARM.Deploy.0 = Release|ARM
		{4F4ACEA6-41BE-434A-B721-44FD360B59FA}.Release|iPhone.ActiveCfg = Release|x86
		{4F4ACEA6-41BE-434A-B721-44FD360B59FA}.Release|iPhoneSimulator.ActiveCfg = Release|x86
		{4F4ACEA6-41BE-434A-B721-44FD360B59FA}.Release|x64.ActiveCfg = Release|x64
		{4F4ACEA6-41BE-434A-B721-44FD360B59FA}.Release|x64.Build.0 = Release|x64
		{4F4ACEA6-41BE-434A-B721-44FD360B59FA}.Release|x64.Deploy.0 = Release|x64
		{4F4ACEA6-41BE-434A-B721-44FD360B59FA}.Release|x86.ActiveCfg = Release|x86
		{4F4ACEA6-41BE-434A-B721-44FD360B59FA}.Release|x86.Build.0 = Release|x86
		{4F4ACEA6-41BE-434A-B721-44FD360B59FA}.Release|x86.Deploy.0 = Release|x86
		{4F4ACEA6-41BE-434A-B721-44FD360B59FA}.Test|Any CPU.ActiveCfg = Debug|x64
		{4F4ACEA6-41BE-434A-B721-44FD360B59FA}.Test|Any CPU.Build.0 = Debug|x64
		{4F4ACEA6-41BE-434A-B721-44FD360B59FA}.Test|Any CPU.Deploy.0 = Debug|x64
		{4F4ACEA6-41BE-434A-B721-44FD360B59FA}.Test|ARM.ActiveCfg = Debug|ARM
		{4F4ACEA6-41BE-434A-B721-44FD360B59FA}.Test|ARM.Build.0 = Debug|ARM
		{4F4ACEA6-41BE-434A-B721-44FD360B59FA}.Test|ARM.Deploy.0 = Debug|ARM
		{4F4ACEA6-41BE-434A-B721-44FD360B59FA}.Test|iPhone.ActiveCfg = Debug|x64
		{4F4ACEA6-41BE-434A-B721-44FD360B59FA}.Test|iPhone.Build.0 = Debug|x64
		{4F4ACEA6-41BE-434A-B721-44FD360B59FA}.Test|iPhone.Deploy.0 = Debug|x64
		{4F4ACEA6-41BE-434A-B721-44FD360B59FA}.Test|iPhoneSimulator.ActiveCfg = Debug|x64
		{4F4ACEA6-41BE-434A-B721-44FD360B59FA}.Test|iPhoneSimulator.Build.0 = Debug|x64
		{4F4ACEA6-41BE-434A-B721-44FD360B59FA}.Test|iPhoneSimulator.Deploy.0 = Debug|x64
		{4F4ACEA6-41BE-434A-B721-44FD360B59FA}.Test|x64.ActiveCfg = Debug|x64
		{4F4ACEA6-41BE-434A-B721-44FD360B59FA}.Test|x64.Build.0 = Debug|x64
		{4F4ACEA6-41BE-434A-B721-44FD360B59FA}.Test|x64.Deploy.0 = Debug|x64
		{4F4ACEA6-41BE-434A-B721-44FD360B59FA}.Test|x86.ActiveCfg = Debug|x86
		{4F4ACEA6-41BE-434A-B721-44FD360B59FA}.Test|x86.Build.0 = Debug|x86
		{4F4ACEA6-41BE-434A-B721-44FD360B59FA}.Test|x86.Deploy.0 = Debug|x86
		{E6C50355-D01E-4CAA-884D-D7929861315C}.Ad-Hoc|Any CPU.ActiveCfg = Test|Any CPU
		{E6C50355-D01E-4CAA-884D-D7929861315C}.Ad-Hoc|Any CPU.Build.0 = Test|Any CPU
		{E6C50355-D01E-4CAA-884D-D7929861315C}.Ad-Hoc|ARM.ActiveCfg = Test|Any CPU
		{E6C50355-D01E-4CAA-884D-D7929861315C}.Ad-Hoc|ARM.Build.0 = Test|Any CPU
		{E6C50355-D01E-4CAA-884D-D7929861315C}.Ad-Hoc|iPhone.ActiveCfg = Test|Any CPU
		{E6C50355-D01E-4CAA-884D-D7929861315C}.Ad-Hoc|iPhone.Build.0 = Test|Any CPU
		{E6C50355-D01E-4CAA-884D-D7929861315C}.Ad-Hoc|iPhoneSimulator.ActiveCfg = Test|Any CPU
		{E6C50355-D01E-4CAA-884D-D7929861315C}.Ad-Hoc|iPhoneSimulator.Build.0 = Test|Any CPU
		{E6C50355-D01E-4CAA-884D-D7929861315C}.Ad-Hoc|x64.ActiveCfg = Test|Any CPU
		{E6C50355-D01E-4CAA-884D-D7929861315C}.Ad-Hoc|x64.Build.0 = Test|Any CPU
		{E6C50355-D01E-4CAA-884D-D7929861315C}.Ad-Hoc|x86.ActiveCfg = Test|Any CPU
		{E6C50355-D01E-4CAA-884D-D7929861315C}.Ad-Hoc|x86.Build.0 = Test|Any CPU
		{E6C50355-D01E-4CAA-884D-D7929861315C}.AppStore|Any CPU.ActiveCfg = Test|Any CPU
		{E6C50355-D01E-4CAA-884D-D7929861315C}.AppStore|Any CPU.Build.0 = Test|Any CPU
		{E6C50355-D01E-4CAA-884D-D7929861315C}.AppStore|ARM.ActiveCfg = Test|Any CPU
		{E6C50355-D01E-4CAA-884D-D7929861315C}.AppStore|ARM.Build.0 = Test|Any CPU
		{E6C50355-D01E-4CAA-884D-D7929861315C}.AppStore|iPhone.ActiveCfg = Test|Any CPU
		{E6C50355-D01E-4CAA-884D-D7929861315C}.AppStore|iPhone.Build.0 = Test|Any CPU
		{E6C50355-D01E-4CAA-884D-D7929861315C}.AppStore|iPhoneSimulator.ActiveCfg = Test|Any CPU
		{E6C50355-D01E-4CAA-884D-D7929861315C}.AppStore|iPhoneSimulator.Build.0 = Test|Any CPU
		{E6C50355-D01E-4CAA-884D-D7929861315C}.AppStore|x64.ActiveCfg = Test|Any CPU
		{E6C50355-D01E-4CAA-884D-D7929861315C}.AppStore|x64.Build.0 = Test|Any CPU
		{E6C50355-D01E-4CAA-884D-D7929861315C}.AppStore|x86.ActiveCfg = Test|Any CPU
		{E6C50355-D01E-4CAA-884D-D7929861315C}.AppStore|x86.Build.0 = Test|Any CPU
		{E6C50355-D01E-4CAA-884D-D7929861315C}.Debug|Any CPU.ActiveCfg = Debug|Any CPU
		{E6C50355-D01E-4CAA-884D-D7929861315C}.Debug|Any CPU.Build.0 = Debug|Any CPU
		{E6C50355-D01E-4CAA-884D-D7929861315C}.Debug|ARM.ActiveCfg = Debug|Any CPU
		{E6C50355-D01E-4CAA-884D-D7929861315C}.Debug|ARM.Build.0 = Debug|Any CPU
		{E6C50355-D01E-4CAA-884D-D7929861315C}.Debug|iPhone.ActiveCfg = Debug|Any CPU
		{E6C50355-D01E-4CAA-884D-D7929861315C}.Debug|iPhone.Build.0 = Debug|Any CPU
		{E6C50355-D01E-4CAA-884D-D7929861315C}.Debug|iPhoneSimulator.ActiveCfg = Debug|Any CPU
		{E6C50355-D01E-4CAA-884D-D7929861315C}.Debug|iPhoneSimulator.Build.0 = Debug|Any CPU
		{E6C50355-D01E-4CAA-884D-D7929861315C}.Debug|x64.ActiveCfg = Debug|Any CPU
		{E6C50355-D01E-4CAA-884D-D7929861315C}.Debug|x64.Build.0 = Debug|Any CPU
		{E6C50355-D01E-4CAA-884D-D7929861315C}.Debug|x86.ActiveCfg = Debug|Any CPU
		{E6C50355-D01E-4CAA-884D-D7929861315C}.Debug|x86.Build.0 = Debug|Any CPU
		{E6C50355-D01E-4CAA-884D-D7929861315C}.Release|Any CPU.ActiveCfg = Release|Any CPU
		{E6C50355-D01E-4CAA-884D-D7929861315C}.Release|Any CPU.Build.0 = Release|Any CPU
		{E6C50355-D01E-4CAA-884D-D7929861315C}.Release|ARM.ActiveCfg = Release|Any CPU
		{E6C50355-D01E-4CAA-884D-D7929861315C}.Release|ARM.Build.0 = Release|Any CPU
		{E6C50355-D01E-4CAA-884D-D7929861315C}.Release|iPhone.ActiveCfg = Release|Any CPU
		{E6C50355-D01E-4CAA-884D-D7929861315C}.Release|iPhone.Build.0 = Release|Any CPU
		{E6C50355-D01E-4CAA-884D-D7929861315C}.Release|iPhoneSimulator.ActiveCfg = Release|Any CPU
		{E6C50355-D01E-4CAA-884D-D7929861315C}.Release|iPhoneSimulator.Build.0 = Release|Any CPU
		{E6C50355-D01E-4CAA-884D-D7929861315C}.Release|x64.ActiveCfg = Release|Any CPU
		{E6C50355-D01E-4CAA-884D-D7929861315C}.Release|x64.Build.0 = Release|Any CPU
		{E6C50355-D01E-4CAA-884D-D7929861315C}.Release|x86.ActiveCfg = Release|Any CPU
		{E6C50355-D01E-4CAA-884D-D7929861315C}.Release|x86.Build.0 = Release|Any CPU
		{E6C50355-D01E-4CAA-884D-D7929861315C}.Test|Any CPU.ActiveCfg = Test|Any CPU
		{E6C50355-D01E-4CAA-884D-D7929861315C}.Test|Any CPU.Build.0 = Test|Any CPU
		{E6C50355-D01E-4CAA-884D-D7929861315C}.Test|ARM.ActiveCfg = Test|Any CPU
		{E6C50355-D01E-4CAA-884D-D7929861315C}.Test|ARM.Build.0 = Test|Any CPU
		{E6C50355-D01E-4CAA-884D-D7929861315C}.Test|iPhone.ActiveCfg = Test|Any CPU
		{E6C50355-D01E-4CAA-884D-D7929861315C}.Test|iPhone.Build.0 = Test|Any CPU
		{E6C50355-D01E-4CAA-884D-D7929861315C}.Test|iPhoneSimulator.ActiveCfg = Test|Any CPU
		{E6C50355-D01E-4CAA-884D-D7929861315C}.Test|iPhoneSimulator.Build.0 = Test|Any CPU
		{E6C50355-D01E-4CAA-884D-D7929861315C}.Test|x64.ActiveCfg = Test|Any CPU
		{E6C50355-D01E-4CAA-884D-D7929861315C}.Test|x64.Build.0 = Test|Any CPU
		{E6C50355-D01E-4CAA-884D-D7929861315C}.Test|x86.ActiveCfg = Test|Any CPU
		{E6C50355-D01E-4CAA-884D-D7929861315C}.Test|x86.Build.0 = Test|Any CPU
		{67F9D3A8-F71E-4428-913F-C37AE82CDB24}.Ad-Hoc|Any CPU.ActiveCfg = Test|Any CPU
		{67F9D3A8-F71E-4428-913F-C37AE82CDB24}.Ad-Hoc|Any CPU.Build.0 = Test|Any CPU
		{67F9D3A8-F71E-4428-913F-C37AE82CDB24}.Ad-Hoc|ARM.ActiveCfg = Test|Any CPU
		{67F9D3A8-F71E-4428-913F-C37AE82CDB24}.Ad-Hoc|ARM.Build.0 = Test|Any CPU
		{67F9D3A8-F71E-4428-913F-C37AE82CDB24}.Ad-Hoc|iPhone.ActiveCfg = Test|Any CPU
		{67F9D3A8-F71E-4428-913F-C37AE82CDB24}.Ad-Hoc|iPhone.Build.0 = Test|Any CPU
		{67F9D3A8-F71E-4428-913F-C37AE82CDB24}.Ad-Hoc|iPhoneSimulator.ActiveCfg = Test|Any CPU
		{67F9D3A8-F71E-4428-913F-C37AE82CDB24}.Ad-Hoc|iPhoneSimulator.Build.0 = Test|Any CPU
		{67F9D3A8-F71E-4428-913F-C37AE82CDB24}.Ad-Hoc|x64.ActiveCfg = Test|Any CPU
		{67F9D3A8-F71E-4428-913F-C37AE82CDB24}.Ad-Hoc|x64.Build.0 = Test|Any CPU
		{67F9D3A8-F71E-4428-913F-C37AE82CDB24}.Ad-Hoc|x86.ActiveCfg = Test|Any CPU
		{67F9D3A8-F71E-4428-913F-C37AE82CDB24}.Ad-Hoc|x86.Build.0 = Test|Any CPU
		{67F9D3A8-F71E-4428-913F-C37AE82CDB24}.AppStore|Any CPU.ActiveCfg = Test|Any CPU
		{67F9D3A8-F71E-4428-913F-C37AE82CDB24}.AppStore|Any CPU.Build.0 = Test|Any CPU
		{67F9D3A8-F71E-4428-913F-C37AE82CDB24}.AppStore|ARM.ActiveCfg = Test|Any CPU
		{67F9D3A8-F71E-4428-913F-C37AE82CDB24}.AppStore|ARM.Build.0 = Test|Any CPU
		{67F9D3A8-F71E-4428-913F-C37AE82CDB24}.AppStore|iPhone.ActiveCfg = Test|Any CPU
		{67F9D3A8-F71E-4428-913F-C37AE82CDB24}.AppStore|iPhone.Build.0 = Test|Any CPU
		{67F9D3A8-F71E-4428-913F-C37AE82CDB24}.AppStore|iPhoneSimulator.ActiveCfg = Test|Any CPU
		{67F9D3A8-F71E-4428-913F-C37AE82CDB24}.AppStore|iPhoneSimulator.Build.0 = Test|Any CPU
		{67F9D3A8-F71E-4428-913F-C37AE82CDB24}.AppStore|x64.ActiveCfg = Test|Any CPU
		{67F9D3A8-F71E-4428-913F-C37AE82CDB24}.AppStore|x64.Build.0 = Test|Any CPU
		{67F9D3A8-F71E-4428-913F-C37AE82CDB24}.AppStore|x86.ActiveCfg = Test|Any CPU
		{67F9D3A8-F71E-4428-913F-C37AE82CDB24}.AppStore|x86.Build.0 = Test|Any CPU
		{67F9D3A8-F71E-4428-913F-C37AE82CDB24}.Debug|Any CPU.ActiveCfg = Debug|Any CPU
		{67F9D3A8-F71E-4428-913F-C37AE82CDB24}.Debug|Any CPU.Build.0 = Debug|Any CPU
		{67F9D3A8-F71E-4428-913F-C37AE82CDB24}.Debug|ARM.ActiveCfg = Debug|Any CPU
		{67F9D3A8-F71E-4428-913F-C37AE82CDB24}.Debug|ARM.Build.0 = Debug|Any CPU
		{67F9D3A8-F71E-4428-913F-C37AE82CDB24}.Debug|iPhone.ActiveCfg = Debug|Any CPU
		{67F9D3A8-F71E-4428-913F-C37AE82CDB24}.Debug|iPhone.Build.0 = Debug|Any CPU
		{67F9D3A8-F71E-4428-913F-C37AE82CDB24}.Debug|iPhoneSimulator.ActiveCfg = Debug|Any CPU
		{67F9D3A8-F71E-4428-913F-C37AE82CDB24}.Debug|iPhoneSimulator.Build.0 = Debug|Any CPU
		{67F9D3A8-F71E-4428-913F-C37AE82CDB24}.Debug|x64.ActiveCfg = Debug|Any CPU
		{67F9D3A8-F71E-4428-913F-C37AE82CDB24}.Debug|x64.Build.0 = Debug|Any CPU
		{67F9D3A8-F71E-4428-913F-C37AE82CDB24}.Debug|x86.ActiveCfg = Debug|Any CPU
		{67F9D3A8-F71E-4428-913F-C37AE82CDB24}.Debug|x86.Build.0 = Debug|Any CPU
		{67F9D3A8-F71E-4428-913F-C37AE82CDB24}.Release|Any CPU.ActiveCfg = Release|Any CPU
		{67F9D3A8-F71E-4428-913F-C37AE82CDB24}.Release|Any CPU.Build.0 = Release|Any CPU
		{67F9D3A8-F71E-4428-913F-C37AE82CDB24}.Release|ARM.ActiveCfg = Release|Any CPU
		{67F9D3A8-F71E-4428-913F-C37AE82CDB24}.Release|ARM.Build.0 = Release|Any CPU
		{67F9D3A8-F71E-4428-913F-C37AE82CDB24}.Release|iPhone.ActiveCfg = Release|Any CPU
		{67F9D3A8-F71E-4428-913F-C37AE82CDB24}.Release|iPhone.Build.0 = Release|Any CPU
		{67F9D3A8-F71E-4428-913F-C37AE82CDB24}.Release|iPhoneSimulator.ActiveCfg = Release|Any CPU
		{67F9D3A8-F71E-4428-913F-C37AE82CDB24}.Release|iPhoneSimulator.Build.0 = Release|Any CPU
		{67F9D3A8-F71E-4428-913F-C37AE82CDB24}.Release|x64.ActiveCfg = Release|Any CPU
		{67F9D3A8-F71E-4428-913F-C37AE82CDB24}.Release|x64.Build.0 = Release|Any CPU
		{67F9D3A8-F71E-4428-913F-C37AE82CDB24}.Release|x86.ActiveCfg = Release|Any CPU
		{67F9D3A8-F71E-4428-913F-C37AE82CDB24}.Release|x86.Build.0 = Release|Any CPU
		{67F9D3A8-F71E-4428-913F-C37AE82CDB24}.Test|Any CPU.ActiveCfg = Test|Any CPU
		{67F9D3A8-F71E-4428-913F-C37AE82CDB24}.Test|Any CPU.Build.0 = Test|Any CPU
		{67F9D3A8-F71E-4428-913F-C37AE82CDB24}.Test|ARM.ActiveCfg = Test|Any CPU
		{67F9D3A8-F71E-4428-913F-C37AE82CDB24}.Test|ARM.Build.0 = Test|Any CPU
		{67F9D3A8-F71E-4428-913F-C37AE82CDB24}.Test|iPhone.ActiveCfg = Test|Any CPU
		{67F9D3A8-F71E-4428-913F-C37AE82CDB24}.Test|iPhone.Build.0 = Test|Any CPU
		{67F9D3A8-F71E-4428-913F-C37AE82CDB24}.Test|iPhoneSimulator.ActiveCfg = Test|Any CPU
		{67F9D3A8-F71E-4428-913F-C37AE82CDB24}.Test|iPhoneSimulator.Build.0 = Test|Any CPU
		{67F9D3A8-F71E-4428-913F-C37AE82CDB24}.Test|x64.ActiveCfg = Test|Any CPU
		{67F9D3A8-F71E-4428-913F-C37AE82CDB24}.Test|x64.Build.0 = Test|Any CPU
		{67F9D3A8-F71E-4428-913F-C37AE82CDB24}.Test|x86.ActiveCfg = Test|Any CPU
		{67F9D3A8-F71E-4428-913F-C37AE82CDB24}.Test|x86.Build.0 = Test|Any CPU
		{943664CF-3A0C-4EFF-8BDA-29241D49DD85}.Ad-Hoc|Any CPU.ActiveCfg = Test|Any CPU
		{943664CF-3A0C-4EFF-8BDA-29241D49DD85}.Ad-Hoc|Any CPU.Build.0 = Test|Any CPU
		{943664CF-3A0C-4EFF-8BDA-29241D49DD85}.Ad-Hoc|ARM.ActiveCfg = Test|Any CPU
		{943664CF-3A0C-4EFF-8BDA-29241D49DD85}.Ad-Hoc|ARM.Build.0 = Test|Any CPU
		{943664CF-3A0C-4EFF-8BDA-29241D49DD85}.Ad-Hoc|iPhone.ActiveCfg = Test|Any CPU
		{943664CF-3A0C-4EFF-8BDA-29241D49DD85}.Ad-Hoc|iPhone.Build.0 = Test|Any CPU
		{943664CF-3A0C-4EFF-8BDA-29241D49DD85}.Ad-Hoc|iPhoneSimulator.ActiveCfg = Test|Any CPU
		{943664CF-3A0C-4EFF-8BDA-29241D49DD85}.Ad-Hoc|iPhoneSimulator.Build.0 = Test|Any CPU
		{943664CF-3A0C-4EFF-8BDA-29241D49DD85}.Ad-Hoc|x64.ActiveCfg = Test|Any CPU
		{943664CF-3A0C-4EFF-8BDA-29241D49DD85}.Ad-Hoc|x64.Build.0 = Test|Any CPU
		{943664CF-3A0C-4EFF-8BDA-29241D49DD85}.Ad-Hoc|x86.ActiveCfg = Test|Any CPU
		{943664CF-3A0C-4EFF-8BDA-29241D49DD85}.Ad-Hoc|x86.Build.0 = Test|Any CPU
		{943664CF-3A0C-4EFF-8BDA-29241D49DD85}.AppStore|Any CPU.ActiveCfg = Test|Any CPU
		{943664CF-3A0C-4EFF-8BDA-29241D49DD85}.AppStore|Any CPU.Build.0 = Test|Any CPU
		{943664CF-3A0C-4EFF-8BDA-29241D49DD85}.AppStore|ARM.ActiveCfg = Test|Any CPU
		{943664CF-3A0C-4EFF-8BDA-29241D49DD85}.AppStore|ARM.Build.0 = Test|Any CPU
		{943664CF-3A0C-4EFF-8BDA-29241D49DD85}.AppStore|iPhone.ActiveCfg = Test|Any CPU
		{943664CF-3A0C-4EFF-8BDA-29241D49DD85}.AppStore|iPhone.Build.0 = Test|Any CPU
		{943664CF-3A0C-4EFF-8BDA-29241D49DD85}.AppStore|iPhoneSimulator.ActiveCfg = Test|Any CPU
		{943664CF-3A0C-4EFF-8BDA-29241D49DD85}.AppStore|iPhoneSimulator.Build.0 = Test|Any CPU
		{943664CF-3A0C-4EFF-8BDA-29241D49DD85}.AppStore|x64.ActiveCfg = Test|Any CPU
		{943664CF-3A0C-4EFF-8BDA-29241D49DD85}.AppStore|x64.Build.0 = Test|Any CPU
		{943664CF-3A0C-4EFF-8BDA-29241D49DD85}.AppStore|x86.ActiveCfg = Test|Any CPU
		{943664CF-3A0C-4EFF-8BDA-29241D49DD85}.AppStore|x86.Build.0 = Test|Any CPU
		{943664CF-3A0C-4EFF-8BDA-29241D49DD85}.Debug|Any CPU.ActiveCfg = Debug|Any CPU
		{943664CF-3A0C-4EFF-8BDA-29241D49DD85}.Debug|Any CPU.Build.0 = Debug|Any CPU
		{943664CF-3A0C-4EFF-8BDA-29241D49DD85}.Debug|ARM.ActiveCfg = Debug|Any CPU
		{943664CF-3A0C-4EFF-8BDA-29241D49DD85}.Debug|ARM.Build.0 = Debug|Any CPU
		{943664CF-3A0C-4EFF-8BDA-29241D49DD85}.Debug|iPhone.ActiveCfg = Debug|Any CPU
		{943664CF-3A0C-4EFF-8BDA-29241D49DD85}.Debug|iPhone.Build.0 = Debug|Any CPU
		{943664CF-3A0C-4EFF-8BDA-29241D49DD85}.Debug|iPhoneSimulator.ActiveCfg = Debug|Any CPU
		{943664CF-3A0C-4EFF-8BDA-29241D49DD85}.Debug|iPhoneSimulator.Build.0 = Debug|Any CPU
		{943664CF-3A0C-4EFF-8BDA-29241D49DD85}.Debug|x64.ActiveCfg = Debug|Any CPU
		{943664CF-3A0C-4EFF-8BDA-29241D49DD85}.Debug|x64.Build.0 = Debug|Any CPU
		{943664CF-3A0C-4EFF-8BDA-29241D49DD85}.Debug|x86.ActiveCfg = Debug|Any CPU
		{943664CF-3A0C-4EFF-8BDA-29241D49DD85}.Debug|x86.Build.0 = Debug|Any CPU
		{943664CF-3A0C-4EFF-8BDA-29241D49DD85}.Release|Any CPU.ActiveCfg = Release|Any CPU
		{943664CF-3A0C-4EFF-8BDA-29241D49DD85}.Release|Any CPU.Build.0 = Release|Any CPU
		{943664CF-3A0C-4EFF-8BDA-29241D49DD85}.Release|ARM.ActiveCfg = Release|Any CPU
		{943664CF-3A0C-4EFF-8BDA-29241D49DD85}.Release|ARM.Build.0 = Release|Any CPU
		{943664CF-3A0C-4EFF-8BDA-29241D49DD85}.Release|iPhone.ActiveCfg = Release|Any CPU
		{943664CF-3A0C-4EFF-8BDA-29241D49DD85}.Release|iPhone.Build.0 = Release|Any CPU
		{943664CF-3A0C-4EFF-8BDA-29241D49DD85}.Release|iPhoneSimulator.ActiveCfg = Release|Any CPU
		{943664CF-3A0C-4EFF-8BDA-29241D49DD85}.Release|iPhoneSimulator.Build.0 = Release|Any CPU
		{943664CF-3A0C-4EFF-8BDA-29241D49DD85}.Release|x64.ActiveCfg = Release|Any CPU
		{943664CF-3A0C-4EFF-8BDA-29241D49DD85}.Release|x64.Build.0 = Release|Any CPU
		{943664CF-3A0C-4EFF-8BDA-29241D49DD85}.Release|x86.ActiveCfg = Release|Any CPU
		{943664CF-3A0C-4EFF-8BDA-29241D49DD85}.Release|x86.Build.0 = Release|Any CPU
		{943664CF-3A0C-4EFF-8BDA-29241D49DD85}.Test|Any CPU.ActiveCfg = Test|Any CPU
		{943664CF-3A0C-4EFF-8BDA-29241D49DD85}.Test|Any CPU.Build.0 = Test|Any CPU
		{943664CF-3A0C-4EFF-8BDA-29241D49DD85}.Test|ARM.ActiveCfg = Test|Any CPU
		{943664CF-3A0C-4EFF-8BDA-29241D49DD85}.Test|ARM.Build.0 = Test|Any CPU
		{943664CF-3A0C-4EFF-8BDA-29241D49DD85}.Test|iPhone.ActiveCfg = Test|Any CPU
		{943664CF-3A0C-4EFF-8BDA-29241D49DD85}.Test|iPhone.Build.0 = Test|Any CPU
		{943664CF-3A0C-4EFF-8BDA-29241D49DD85}.Test|iPhoneSimulator.ActiveCfg = Test|Any CPU
		{943664CF-3A0C-4EFF-8BDA-29241D49DD85}.Test|iPhoneSimulator.Build.0 = Test|Any CPU
		{943664CF-3A0C-4EFF-8BDA-29241D49DD85}.Test|x64.ActiveCfg = Test|Any CPU
		{943664CF-3A0C-4EFF-8BDA-29241D49DD85}.Test|x64.Build.0 = Test|Any CPU
		{943664CF-3A0C-4EFF-8BDA-29241D49DD85}.Test|x86.ActiveCfg = Test|Any CPU
		{943664CF-3A0C-4EFF-8BDA-29241D49DD85}.Test|x86.Build.0 = Test|Any CPU
	EndGlobalSection
	GlobalSection(SolutionProperties) = preSolution
		HideSolutionNode = FALSE
	EndGlobalSection
	GlobalSection(NestedProjects) = preSolution
		{E6C50355-D01E-4CAA-884D-D7929861315C} = {BACB258A-EBBE-4A9C-97B0-5E7EE89D702D}
		{67F9D3A8-F71E-4428-913F-C37AE82CDB24} = {BACB258A-EBBE-4A9C-97B0-5E7EE89D702D}
		{943664CF-3A0C-4EFF-8BDA-29241D49DD85} = {BACB258A-EBBE-4A9C-97B0-5E7EE89D702D}
	EndGlobalSection
EndGlobal
